// !$*UTF8*$!
{
	archiveVersion = 1;
	classes = {
	};
	objectVersion = 56;
	objects = {

/* Begin PBXBuildFile section */
		9E4F2C4B2BFC6C3700987549 /* TestSceneKitViewController.swift in Sources */ = {isa = PBXBuildFile; fileRef = 9E4F2C4A2BFC6C3700987549 /* TestSceneKitViewController.swift */; };
		9E7E244C2A8CB27F00ED2707 /* SurfaceDetectionViewController.swift in Sources */ = {isa = PBXBuildFile; fileRef = 9E7E244B2A8CB27F00ED2707 /* SurfaceDetectionViewController.swift */; };
		9E7E244F2A8CBFCD00ED2707 /* Placing&HandlingViewController.swift in Sources */ = {isa = PBXBuildFile; fileRef = 9E7E244E2A8CBFCD00ED2707 /* Placing&HandlingViewController.swift */; };
		9E7E24512A8DBEAE00ED2707 /* PlaneNode.swift in Sources */ = {isa = PBXBuildFile; fileRef = 9E7E24502A8DBEAE00ED2707 /* PlaneNode.swift */; };
		9E7E24532A8DC3C300ED2707 /* Utils.swift in Sources */ = {isa = PBXBuildFile; fileRef = 9E7E24522A8DC3C300ED2707 /* Utils.swift */; };
		9E7E24552A8DF3E900ED2707 /* SceneKitAsset.scnassets in Resources */ = {isa = PBXBuildFile; fileRef = 9E7E24542A8DF3E900ED2707 /* SceneKitAsset.scnassets */; };
		9E7E245A2A8E169A00ED2707 /* robot.usdz in Resources */ = {isa = PBXBuildFile; fileRef = 9E7E24592A8E169A00ED2707 /* robot.usdz */; };
		9E7E245D2A8E1DEF00ED2707 /* CapturingBodyMotionViewController.swift in Sources */ = {isa = PBXBuildFile; fileRef = 9E7E245C2A8E1DEF00ED2707 /* CapturingBodyMotionViewController.swift */; };
		9E82AE312C0456D200A4C6E4 /* DetectingImagesViewController.swift in Sources */ = {isa = PBXBuildFile; fileRef = 9E82AE302C0456D200A4C6E4 /* DetectingImagesViewController.swift */; };
		9E82AE332C04655D00A4C6E4 /* StatusViewController.swift in Sources */ = {isa = PBXBuildFile; fileRef = 9E82AE322C04655D00A4C6E4 /* StatusViewController.swift */; };
		9E82AE352C06C21900A4C6E4 /* DetectingImagesViewController+ARSessionDelegate.swift in Sources */ = {isa = PBXBuildFile; fileRef = 9E82AE342C06C21900A4C6E4 /* DetectingImagesViewController+ARSessionDelegate.swift */; };
		9E82AE3B2C09B60800A4C6E4 /* TrackingAndAlteringImagesViewController.swift in Sources */ = {isa = PBXBuildFile; fileRef = 9E82AE3A2C09B60800A4C6E4 /* TrackingAndAlteringImagesViewController.swift */; };
		9E82AE3D2C09BAAD00A4C6E4 /* RectangleDetector.swift in Sources */ = {isa = PBXBuildFile; fileRef = 9E82AE3C2C09BAAD00A4C6E4 /* RectangleDetector.swift */; };
		9E82AE402C09BB4700A4C6E4 /* StyleTransferModel.mlmodel in Sources */ = {isa = PBXBuildFile; fileRef = 9E82AE3F2C09BB4700A4C6E4 /* StyleTransferModel.mlmodel */; };
		9E82AE422C10147600A4C6E4 /* AlteredImage.swift in Sources */ = {isa = PBXBuildFile; fileRef = 9E82AE412C10147600A4C6E4 /* AlteredImage.swift */; };
		9EDA359C2A8618BA00DD790E /* AppDelegate.swift in Sources */ = {isa = PBXBuildFile; fileRef = 9EDA359B2A8618BA00DD790E /* AppDelegate.swift */; };
		9EDA359E2A8618BA00DD790E /* SceneDelegate.swift in Sources */ = {isa = PBXBuildFile; fileRef = 9EDA359D2A8618BA00DD790E /* SceneDelegate.swift */; };
		9EDA35A02A8618BA00DD790E /* ViewController.swift in Sources */ = {isa = PBXBuildFile; fileRef = 9EDA359F2A8618BA00DD790E /* ViewController.swift */; };
		9EDA35A32A8618BA00DD790E /* Main.storyboard in Resources */ = {isa = PBXBuildFile; fileRef = 9EDA35A12A8618BA00DD790E /* Main.storyboard */; };
		9EDA35A52A8618BC00DD790E /* Assets.xcassets in Resources */ = {isa = PBXBuildFile; fileRef = 9EDA35A42A8618BC00DD790E /* Assets.xcassets */; };
		9EDA35A82A8618BC00DD790E /* LaunchScreen.storyboard in Resources */ = {isa = PBXBuildFile; fileRef = 9EDA35A62A8618BC00DD790E /* LaunchScreen.storyboard */; };
		9EDA35B02A8618E800DD790E /* InitialViewController.swift in Sources */ = {isa = PBXBuildFile; fileRef = 9EDA35AF2A8618E800DD790E /* InitialViewController.swift */; };
/* End PBXBuildFile section */

/* Begin PBXFileReference section */
		9E4F2C4A2BFC6C3700987549 /* TestSceneKitViewController.swift */ = {isa = PBXFileReference; lastKnownFileType = sourcecode.swift; path = TestSceneKitViewController.swift; sourceTree = "<group>"; };
		9E7E244B2A8CB27F00ED2707 /* SurfaceDetectionViewController.swift */ = {isa = PBXFileReference; lastKnownFileType = sourcecode.swift; path = SurfaceDetectionViewController.swift; sourceTree = "<group>"; };
		9E7E244E2A8CBFCD00ED2707 /* Placing&HandlingViewController.swift */ = {isa = PBXFileReference; lastKnownFileType = sourcecode.swift; path = "Placing&HandlingViewController.swift"; sourceTree = "<group>"; };
		9E7E24502A8DBEAE00ED2707 /* PlaneNode.swift */ = {isa = PBXFileReference; lastKnownFileType = sourcecode.swift; path = PlaneNode.swift; sourceTree = "<group>"; };
		9E7E24522A8DC3C300ED2707 /* Utils.swift */ = {isa = PBXFileReference; lastKnownFileType = sourcecode.swift; path = Utils.swift; sourceTree = "<group>"; };
		9E7E24542A8DF3E900ED2707 /* SceneKitAsset.scnassets */ = {isa = PBXFileReference; lastKnownFileType = wrapper.scnassets; path = SceneKitAsset.scnassets; sourceTree = "<group>"; };
		9E7E24592A8E169A00ED2707 /* robot.usdz */ = {isa = PBXFileReference; lastKnownFileType = file.usdz; path = robot.usdz; sourceTree = "<group>"; };
		9E7E245C2A8E1DEF00ED2707 /* CapturingBodyMotionViewController.swift */ = {isa = PBXFileReference; lastKnownFileType = sourcecode.swift; path = CapturingBodyMotionViewController.swift; sourceTree = "<group>"; };
		9E82AE302C0456D200A4C6E4 /* DetectingImagesViewController.swift */ = {isa = PBXFileReference; lastKnownFileType = sourcecode.swift; path = DetectingImagesViewController.swift; sourceTree = "<group>"; };
		9E82AE322C04655D00A4C6E4 /* StatusViewController.swift */ = {isa = PBXFileReference; lastKnownFileType = sourcecode.swift; path = StatusViewController.swift; sourceTree = "<group>"; };
		9E82AE342C06C21900A4C6E4 /* DetectingImagesViewController+ARSessionDelegate.swift */ = {isa = PBXFileReference; lastKnownFileType = sourcecode.swift; path = "DetectingImagesViewController+ARSessionDelegate.swift"; sourceTree = "<group>"; };
		9E82AE3A2C09B60800A4C6E4 /* TrackingAndAlteringImagesViewController.swift */ = {isa = PBXFileReference; lastKnownFileType = sourcecode.swift; path = TrackingAndAlteringImagesViewController.swift; sourceTree = "<group>"; };
		9E82AE3C2C09BAAD00A4C6E4 /* RectangleDetector.swift */ = {isa = PBXFileReference; lastKnownFileType = sourcecode.swift; path = RectangleDetector.swift; sourceTree = "<group>"; };
		9E82AE3F2C09BB4700A4C6E4 /* StyleTransferModel.mlmodel */ = {isa = PBXFileReference; lastKnownFileType = file.mlmodel; path = StyleTransferModel.mlmodel; sourceTree = "<group>"; };
		9E82AE412C10147600A4C6E4 /* AlteredImage.swift */ = {isa = PBXFileReference; lastKnownFileType = sourcecode.swift; path = AlteredImage.swift; sourceTree = "<group>"; };
		9EDA35982A8618BA00DD790E /* TestAR.app */ = {isa = PBXFileReference; explicitFileType = wrapper.application; includeInIndex = 0; path = TestAR.app; sourceTree = BUILT_PRODUCTS_DIR; };
		9EDA359B2A8618BA00DD790E /* AppDelegate.swift */ = {isa = PBXFileReference; lastKnownFileType = sourcecode.swift; path = AppDelegate.swift; sourceTree = "<group>"; };
		9EDA359D2A8618BA00DD790E /* SceneDelegate.swift */ = {isa = PBXFileReference; lastKnownFileType = sourcecode.swift; path = SceneDelegate.swift; sourceTree = "<group>"; };
		9EDA359F2A8618BA00DD790E /* ViewController.swift */ = {isa = PBXFileReference; lastKnownFileType = sourcecode.swift; path = ViewController.swift; sourceTree = "<group>"; };
		9EDA35A22A8618BA00DD790E /* Base */ = {isa = PBXFileReference; lastKnownFileType = file.storyboard; name = Base; path = Base.lproj/Main.storyboard; sourceTree = "<group>"; };
		9EDA35A42A8618BC00DD790E /* Assets.xcassets */ = {isa = PBXFileReference; lastKnownFileType = folder.assetcatalog; path = Assets.xcassets; sourceTree = "<group>"; };
		9EDA35A72A8618BC00DD790E /* Base */ = {isa = PBXFileReference; lastKnownFileType = file.storyboard; name = Base; path = Base.lproj/LaunchScreen.storyboard; sourceTree = "<group>"; };
		9EDA35A92A8618BC00DD790E /* Info.plist */ = {isa = PBXFileReference; lastKnownFileType = text.plist.xml; path = Info.plist; sourceTree = "<group>"; };
		9EDA35AF2A8618E800DD790E /* InitialViewController.swift */ = {isa = PBXFileReference; lastKnownFileType = sourcecode.swift; path = InitialViewController.swift; sourceTree = "<group>"; };
/* End PBXFileReference section */

/* Begin PBXFrameworksBuildPhase section */
		9EDA35952A8618BA00DD790E /* Frameworks */ = {
			isa = PBXFrameworksBuildPhase;
			buildActionMask = 2147483647;
			files = (
			);
			runOnlyForDeploymentPostprocessing = 0;
		};
/* End PBXFrameworksBuildPhase section */

/* Begin PBXGroup section */
		9E4F2C492BFC490200987549 /* Providing 3D Virtual Content with SceneKit */ = {
			isa = PBXGroup;
			children = (
				9E4F2C4A2BFC6C3700987549 /* TestSceneKitViewController.swift */,
			);
			path = "Providing 3D Virtual Content with SceneKit";
			sourceTree = "<group>";
		};
		9E7E244A2A8CB1EB00ED2707 /* Tracking and Visualizing Planes */ = {
			isa = PBXGroup;
			children = (
				9E7E244B2A8CB27F00ED2707 /* SurfaceDetectionViewController.swift */,
				9E7E24502A8DBEAE00ED2707 /* PlaneNode.swift */,
			);
			path = "Tracking and Visualizing Planes";
			sourceTree = "<group>";
		};
		9E7E244D2A8CBF2600ED2707 /* Placing Objects and Handling 3D Interaction(uses the coaching overlay) */ = {
			isa = PBXGroup;
			children = (
				9E7E244E2A8CBFCD00ED2707 /* Placing&HandlingViewController.swift */,
			);
			path = "Placing Objects and Handling 3D Interaction(uses the coaching overlay)";
			sourceTree = "<group>";
		};
		9E7E24582A8E168C00ED2707 /* usdz */ = {
			isa = PBXGroup;
			children = (
				9E7E24592A8E169A00ED2707 /* robot.usdz */,
			);
			path = usdz;
			sourceTree = "<group>";
		};
		9E7E245B2A8E17A600ED2707 /* CapturingBodyMotion */ = {
			isa = PBXGroup;
			children = (
				9E7E245C2A8E1DEF00ED2707 /* CapturingBodyMotionViewController.swift */,
			);
			path = CapturingBodyMotion;
			sourceTree = "<group>";
		};
		9E82AE282C00813900A4C6E4 /* Content Anchors */ = {
			isa = PBXGroup;
			children = (
				9E82AE2D2C042BB200A4C6E4 /* Face Tracking */,
				9E82AE2C2C042BAB00A4C6E4 /* Body Position Tracking */,
				9E82AE2B2C042B9C00A4C6E4 /* Physical Objects */,
				9E82AE2A2C041CE900A4C6E4 /* Image Detection */,
				9E82AE292C0081FB00A4C6E4 /* Surface Detection */,
			);
			path = "Content Anchors";
			sourceTree = "<group>";
		};
		9E82AE292C0081FB00A4C6E4 /* Surface Detection */ = {
			isa = PBXGroup;
			children = (
				9E7E244A2A8CB1EB00ED2707 /* Tracking and Visualizing Planes */,
			);
			path = "Surface Detection";
			sourceTree = "<group>";
		};
		9E82AE2A2C041CE900A4C6E4 /* Image Detection */ = {
			isa = PBXGroup;
			children = (
				9E82AE372C07270400A4C6E4 /* Tracking and altering images */,
				9E82AE362C07154200A4C6E4 /* Detecting Images in an AR Experience */,
			);
			path = "Image Detection";
			sourceTree = "<group>";
		};
		9E82AE2B2C042B9C00A4C6E4 /* Physical Objects */ = {
			isa = PBXGroup;
			children = (
			);
			path = "Physical Objects";
			sourceTree = "<group>";
		};
		9E82AE2C2C042BAB00A4C6E4 /* Body Position Tracking */ = {
			isa = PBXGroup;
			children = (
			);
			path = "Body Position Tracking";
			sourceTree = "<group>";
		};
		9E82AE2D2C042BB200A4C6E4 /* Face Tracking */ = {
			isa = PBXGroup;
			children = (
			);
			path = "Face Tracking";
			sourceTree = "<group>";
		};
		9E82AE362C07154200A4C6E4 /* Detecting Images in an AR Experience */ = {
			isa = PBXGroup;
			children = (
				9E82AE302C0456D200A4C6E4 /* DetectingImagesViewController.swift */,
				9E82AE342C06C21900A4C6E4 /* DetectingImagesViewController+ARSessionDelegate.swift */,
				9E82AE322C04655D00A4C6E4 /* StatusViewController.swift */,
			);
			path = "Detecting Images in an AR Experience";
			sourceTree = "<group>";
		};
		9E82AE372C07270400A4C6E4 /* Tracking and altering images */ = {
			isa = PBXGroup;
			children = (
				9E82AE3E2C09BB3300A4C6E4 /* Resources */,
				9E82AE3A2C09B60800A4C6E4 /* TrackingAndAlteringImagesViewController.swift */,
				9E82AE3C2C09BAAD00A4C6E4 /* RectangleDetector.swift */,
				9E82AE412C10147600A4C6E4 /* AlteredImage.swift */,
			);
			path = "Tracking and altering images";
			sourceTree = "<group>";
		};
		9E82AE3E2C09BB3300A4C6E4 /* Resources */ = {
			isa = PBXGroup;
			children = (
				9E82AE3F2C09BB4700A4C6E4 /* StyleTransferModel.mlmodel */,
			);
			path = Resources;
			sourceTree = "<group>";
		};
		9EDA358F2A8618BA00DD790E = {
			isa = PBXGroup;
			children = (
				9EDA359A2A8618BA00DD790E /* TestAR */,
				9EDA35992A8618BA00DD790E /* Products */,
			);
			sourceTree = "<group>";
		};
		9EDA35992A8618BA00DD790E /* Products */ = {
			isa = PBXGroup;
			children = (
				9EDA35982A8618BA00DD790E /* TestAR.app */,
			);
			name = Products;
			sourceTree = "<group>";
		};
		9EDA359A2A8618BA00DD790E /* TestAR */ = {
			isa = PBXGroup;
			children = (
				9E82AE282C00813900A4C6E4 /* Content Anchors */,
				9E4F2C492BFC490200987549 /* Providing 3D Virtual Content with SceneKit */,
				9E7E245B2A8E17A600ED2707 /* CapturingBodyMotion */,
				9E7E24582A8E168C00ED2707 /* usdz */,
				9E7E244D2A8CBF2600ED2707 /* Placing Objects and Handling 3D Interaction(uses the coaching overlay) */,
				9EDA359B2A8618BA00DD790E /* AppDelegate.swift */,
				9EDA359D2A8618BA00DD790E /* SceneDelegate.swift */,
				9EDA359F2A8618BA00DD790E /* ViewController.swift */,
				9E7E24522A8DC3C300ED2707 /* Utils.swift */,
				9EDA35AF2A8618E800DD790E /* InitialViewController.swift */,
				9EDA35A12A8618BA00DD790E /* Main.storyboard */,
				9E7E24542A8DF3E900ED2707 /* SceneKitAsset.scnassets */,
				9EDA35A42A8618BC00DD790E /* Assets.xcassets */,
				9EDA35A62A8618BC00DD790E /* LaunchScreen.storyboard */,
				9EDA35A92A8618BC00DD790E /* Info.plist */,
			);
			path = TestAR;
			sourceTree = "<group>";
		};
/* End PBXGroup section */

/* Begin PBXNativeTarget section */
		9EDA35972A8618BA00DD790E /* TestAR */ = {
			isa = PBXNativeTarget;
			buildConfigurationList = 9EDA35AC2A8618BC00DD790E /* Build configuration list for PBXNativeTarget "TestAR" */;
			buildPhases = (
				9EDA35942A8618BA00DD790E /* Sources */,
				9EDA35952A8618BA00DD790E /* Frameworks */,
				9EDA35962A8618BA00DD790E /* Resources */,
			);
			buildRules = (
			);
			dependencies = (
			);
			name = TestAR;
			productName = TestAR;
			productReference = 9EDA35982A8618BA00DD790E /* TestAR.app */;
			productType = "com.apple.product-type.application";
		};
/* End PBXNativeTarget section */

/* Begin PBXProject section */
		9EDA35902A8618BA00DD790E /* Project object */ = {
			isa = PBXProject;
			attributes = {
				BuildIndependentTargetsInParallel = 1;
				LastSwiftUpdateCheck = 1430;
				LastUpgradeCheck = 1430;
				TargetAttributes = {
					9EDA35972A8618BA00DD790E = {
						CreatedOnToolsVersion = 14.3.1;
					};
				};
			};
			buildConfigurationList = 9EDA35932A8618BA00DD790E /* Build configuration list for PBXProject "TestAR" */;
			compatibilityVersion = "Xcode 14.0";
			developmentRegion = en;
			hasScannedForEncodings = 0;
			knownRegions = (
				en,
				Base,
			);
			mainGroup = 9EDA358F2A8618BA00DD790E;
			productRefGroup = 9EDA35992A8618BA00DD790E /* Products */;
			projectDirPath = "";
			projectRoot = "";
			targets = (
				9EDA35972A8618BA00DD790E /* TestAR */,
			);
		};
/* End PBXProject section */

/* Begin PBXResourcesBuildPhase section */
		9EDA35962A8618BA00DD790E /* Resources */ = {
			isa = PBXResourcesBuildPhase;
			buildActionMask = 2147483647;
			files = (
				9EDA35A82A8618BC00DD790E /* LaunchScreen.storyboard in Resources */,
				9E7E245A2A8E169A00ED2707 /* robot.usdz in Resources */,
				9EDA35A52A8618BC00DD790E /* Assets.xcassets in Resources */,
				9E7E24552A8DF3E900ED2707 /* SceneKitAsset.scnassets in Resources */,
				9EDA35A32A8618BA00DD790E /* Main.storyboard in Resources */,
			);
			runOnlyForDeploymentPostprocessing = 0;
		};
/* End PBXResourcesBuildPhase section */

/* Begin PBXSourcesBuildPhase section */
		9EDA35942A8618BA00DD790E /* Sources */ = {
			isa = PBXSourcesBuildPhase;
			buildActionMask = 2147483647;
			files = (
				9E4F2C4B2BFC6C3700987549 /* TestSceneKitViewController.swift in Sources */,
				9E82AE3B2C09B60800A4C6E4 /* TrackingAndAlteringImagesViewController.swift in Sources */,
				9E7E24512A8DBEAE00ED2707 /* PlaneNode.swift in Sources */,
				9E82AE422C10147600A4C6E4 /* AlteredImage.swift in Sources */,
				9E82AE3D2C09BAAD00A4C6E4 /* RectangleDetector.swift in Sources */,
				9EDA35B02A8618E800DD790E /* InitialViewController.swift in Sources */,
				9EDA35A02A8618BA00DD790E /* ViewController.swift in Sources */,
				9E82AE332C04655D00A4C6E4 /* StatusViewController.swift in Sources */,
				9E82AE352C06C21900A4C6E4 /* DetectingImagesViewController+ARSessionDelegate.swift in Sources */,
				9E7E244C2A8CB27F00ED2707 /* SurfaceDetectionViewController.swift in Sources */,
				9E82AE402C09BB4700A4C6E4 /* StyleTransferModel.mlmodel in Sources */,
				9E82AE312C0456D200A4C6E4 /* DetectingImagesViewController.swift in Sources */,
				9E7E244F2A8CBFCD00ED2707 /* Placing&HandlingViewController.swift in Sources */,
				9EDA359C2A8618BA00DD790E /* AppDelegate.swift in Sources */,
				9E7E245D2A8E1DEF00ED2707 /* CapturingBodyMotionViewController.swift in Sources */,
				9EDA359E2A8618BA00DD790E /* SceneDelegate.swift in Sources */,
				9E7E24532A8DC3C300ED2707 /* Utils.swift in Sources */,
			);
			runOnlyForDeploymentPostprocessing = 0;
		};
/* End PBXSourcesBuildPhase section */

/* Begin PBXVariantGroup section */
		9EDA35A12A8618BA00DD790E /* Main.storyboard */ = {
			isa = PBXVariantGroup;
			children = (
				9EDA35A22A8618BA00DD790E /* Base */,
			);
			name = Main.storyboard;
			sourceTree = "<group>";
		};
		9EDA35A62A8618BC00DD790E /* LaunchScreen.storyboard */ = {
			isa = PBXVariantGroup;
			children = (
				9EDA35A72A8618BC00DD790E /* Base */,
			);
			name = LaunchScreen.storyboard;
			sourceTree = "<group>";
		};
/* End PBXVariantGroup section */

/* Begin XCBuildConfiguration section */
		9EDA35AA2A8618BC00DD790E /* Debug */ = {
			isa = XCBuildConfiguration;
			buildSettings = {
				ALWAYS_SEARCH_USER_PATHS = NO;
				CLANG_ANALYZER_NONNULL = YES;
				CLANG_ANALYZER_NUMBER_OBJECT_CONVERSION = YES_AGGRESSIVE;
				CLANG_CXX_LANGUAGE_STANDARD = "gnu++20";
				CLANG_ENABLE_MODULES = YES;
				CLANG_ENABLE_OBJC_ARC = YES;
				CLANG_ENABLE_OBJC_WEAK = YES;
				CLANG_WARN_BLOCK_CAPTURE_AUTORELEASING = YES;
				CLANG_WARN_BOOL_CONVERSION = YES;
				CLANG_WARN_COMMA = YES;
				CLANG_WARN_CONSTANT_CONVERSION = YES;
				CLANG_WARN_DEPRECATED_OBJC_IMPLEMENTATIONS = YES;
				CLANG_WARN_DIRECT_OBJC_ISA_USAGE = YES_ERROR;
				CLANG_WARN_DOCUMENTATION_COMMENTS = YES;
				CLANG_WARN_EMPTY_BODY = YES;
				CLANG_WARN_ENUM_CONVERSION = YES;
				CLANG_WARN_INFINITE_RECURSION = YES;
				CLANG_WARN_INT_CONVERSION = YES;
				CLANG_WARN_NON_LITERAL_NULL_CONVERSION = YES;
				CLANG_WARN_OBJC_IMPLICIT_RETAIN_SELF = YES;
				CLANG_WARN_OBJC_LITERAL_CONVERSION = YES;
				CLANG_WARN_OBJC_ROOT_CLASS = YES_ERROR;
				CLANG_WARN_QUOTED_INCLUDE_IN_FRAMEWORK_HEADER = YES;
				CLANG_WARN_RANGE_LOOP_ANALYSIS = YES;
				CLANG_WARN_STRICT_PROTOTYPES = YES;
				CLANG_WARN_SUSPICIOUS_MOVE = YES;
				CLANG_WARN_UNGUARDED_AVAILABILITY = YES_AGGRESSIVE;
				CLANG_WARN_UNREACHABLE_CODE = YES;
				CLANG_WARN__DUPLICATE_METHOD_MATCH = YES;
				COPY_PHASE_STRIP = NO;
				DEBUG_INFORMATION_FORMAT = dwarf;
				ENABLE_STRICT_OBJC_MSGSEND = YES;
				ENABLE_TESTABILITY = YES;
				GCC_C_LANGUAGE_STANDARD = gnu11;
				GCC_DYNAMIC_NO_PIC = NO;
				GCC_NO_COMMON_BLOCKS = YES;
				GCC_OPTIMIZATION_LEVEL = 0;
				GCC_PREPROCESSOR_DEFINITIONS = (
					"DEBUG=1",
					"$(inherited)",
				);
				GCC_WARN_64_TO_32_BIT_CONVERSION = YES;
				GCC_WARN_ABOUT_RETURN_TYPE = YES_ERROR;
				GCC_WARN_UNDECLARED_SELECTOR = YES;
				GCC_WARN_UNINITIALIZED_AUTOS = YES_AGGRESSIVE;
				GCC_WARN_UNUSED_FUNCTION = YES;
				GCC_WARN_UNUSED_VARIABLE = YES;
				IPHONEOS_DEPLOYMENT_TARGET = 13.0;
				MTL_ENABLE_DEBUG_INFO = INCLUDE_SOURCE;
				MTL_FAST_MATH = YES;
				ONLY_ACTIVE_ARCH = YES;
				SDKROOT = iphoneos;
				SWIFT_ACTIVE_COMPILATION_CONDITIONS = DEBUG;
				SWIFT_OPTIMIZATION_LEVEL = "-Onone";
			};
			name = Debug;
		};
		9EDA35AB2A8618BC00DD790E /* Release */ = {
			isa = XCBuildConfiguration;
			buildSettings = {
				ALWAYS_SEARCH_USER_PATHS = NO;
				CLANG_ANALYZER_NONNULL = YES;
				CLANG_ANALYZER_NUMBER_OBJECT_CONVERSION = YES_AGGRESSIVE;
				CLANG_CXX_LANGUAGE_STANDARD = "gnu++20";
				CLANG_ENABLE_MODULES = YES;
				CLANG_ENABLE_OBJC_ARC = YES;
				CLANG_ENABLE_OBJC_WEAK = YES;
				CLANG_WARN_BLOCK_CAPTURE_AUTORELEASING = YES;
				CLANG_WARN_BOOL_CONVERSION = YES;
				CLANG_WARN_COMMA = YES;
				CLANG_WARN_CONSTANT_CONVERSION = YES;
				CLANG_WARN_DEPRECATED_OBJC_IMPLEMENTATIONS = YES;
				CLANG_WARN_DIRECT_OBJC_ISA_USAGE = YES_ERROR;
				CLANG_WARN_DOCUMENTATION_COMMENTS = YES;
				CLANG_WARN_EMPTY_BODY = YES;
				CLANG_WARN_ENUM_CONVERSION = YES;
				CLANG_WARN_INFINITE_RECURSION = YES;
				CLANG_WARN_INT_CONVERSION = YES;
				CLANG_WARN_NON_LITERAL_NULL_CONVERSION = YES;
				CLANG_WARN_OBJC_IMPLICIT_RETAIN_SELF = YES;
				CLANG_WARN_OBJC_LITERAL_CONVERSION = YES;
				CLANG_WARN_OBJC_ROOT_CLASS = YES_ERROR;
				CLANG_WARN_QUOTED_INCLUDE_IN_FRAMEWORK_HEADER = YES;
				CLANG_WARN_RANGE_LOOP_ANALYSIS = YES;
				CLANG_WARN_STRICT_PROTOTYPES = YES;
				CLANG_WARN_SUSPICIOUS_MOVE = YES;
				CLANG_WARN_UNGUARDED_AVAILABILITY = YES_AGGRESSIVE;
				CLANG_WARN_UNREACHABLE_CODE = YES;
				CLANG_WARN__DUPLICATE_METHOD_MATCH = YES;
				COPY_PHASE_STRIP = NO;
				DEBUG_INFORMATION_FORMAT = "dwarf-with-dsym";
				ENABLE_NS_ASSERTIONS = NO;
				ENABLE_STRICT_OBJC_MSGSEND = YES;
				GCC_C_LANGUAGE_STANDARD = gnu11;
				GCC_NO_COMMON_BLOCKS = YES;
				GCC_WARN_64_TO_32_BIT_CONVERSION = YES;
				GCC_WARN_ABOUT_RETURN_TYPE = YES_ERROR;
				GCC_WARN_UNDECLARED_SELECTOR = YES;
				GCC_WARN_UNINITIALIZED_AUTOS = YES_AGGRESSIVE;
				GCC_WARN_UNUSED_FUNCTION = YES;
				GCC_WARN_UNUSED_VARIABLE = YES;
				IPHONEOS_DEPLOYMENT_TARGET = 13.0;
				MTL_ENABLE_DEBUG_INFO = NO;
				MTL_FAST_MATH = YES;
				SDKROOT = iphoneos;
				SWIFT_COMPILATION_MODE = wholemodule;
				SWIFT_OPTIMIZATION_LEVEL = "-O";
				VALIDATE_PRODUCT = YES;
			};
			name = Release;
		};
		9EDA35AD2A8618BC00DD790E /* Debug */ = {
			isa = XCBuildConfiguration;
			buildSettings = {
				ASSETCATALOG_COMPILER_APPICON_NAME = AppIcon;
				ASSETCATALOG_COMPILER_GLOBAL_ACCENT_COLOR_NAME = AccentColor;
				CODE_SIGN_STYLE = Automatic;
				CURRENT_PROJECT_VERSION = 1;
				DEVELOPMENT_TEAM = N82WKSN6R7;
				GENERATE_INFOPLIST_FILE = YES;
				HEADER_SEARCH_PATHS = "";
				INFOPLIST_FILE = TestAR/Info.plist;
				INFOPLIST_KEY_CFBundleDisplayName = AR2;
				INFOPLIST_KEY_NSCameraUsageDescription = "The camera is used for augmenting reality";
				INFOPLIST_KEY_UIApplicationSupportsIndirectInputEvents = YES;
				INFOPLIST_KEY_UILaunchStoryboardName = LaunchScreen;
				INFOPLIST_KEY_UIMainStoryboardFile = Main;
				INFOPLIST_KEY_UISupportedInterfaceOrientations_iPad = "UIInterfaceOrientationPortrait UIInterfaceOrientationPortraitUpsideDown UIInterfaceOrientationLandscapeLeft UIInterfaceOrientationLandscapeRight";
				INFOPLIST_KEY_UISupportedInterfaceOrientations_iPhone = "UIInterfaceOrientationPortrait UIInterfaceOrientationLandscapeLeft UIInterfaceOrientationLandscapeRight";
				IPHONEOS_DEPLOYMENT_TARGET = 13.0;
				LD_RUNPATH_SEARCH_PATHS = (
					"$(inherited)",
					"@executable_path/Frameworks",
				);
				MARKETING_VERSION = 1.0;
				PRODUCT_BUNDLE_IDENTIFIER = com.youdone.TestAR;
				PRODUCT_NAME = "$(TARGET_NAME)";
				SUPPORTED_PLATFORMS = "iphoneos iphonesimulator";
				SUPPORTS_MACCATALYST = NO;
				SWIFT_EMIT_LOC_STRINGS = YES;
				SWIFT_VERSION = 5.0;
				TARGETED_DEVICE_FAMILY = "1,2";
			};
			name = Debug;
		};
		9EDA35AE2A8618BC00DD790E /* Release */ = {
			isa = XCBuildConfiguration;
			buildSettings = {
				ASSETCATALOG_COMPILER_APPICON_NAME = AppIcon;
				ASSETCATALOG_COMPILER_GLOBAL_ACCENT_COLOR_NAME = AccentColor;
				CODE_SIGN_STYLE = Automatic;
				CURRENT_PROJECT_VERSION = 1;
				DEVELOPMENT_TEAM = N82WKSN6R7;
				GENERATE_INFOPLIST_FILE = YES;
				HEADER_SEARCH_PATHS = "";
				INFOPLIST_FILE = TestAR/Info.plist;
				INFOPLIST_KEY_CFBundleDisplayName = AR3;
				INFOPLIST_KEY_NSCameraUsageDescription = "The camera is used for augmenting reality";
				INFOPLIST_KEY_UIApplicationSupportsIndirectInputEvents = YES;
				INFOPLIST_KEY_UILaunchStoryboardName = LaunchScreen;
				INFOPLIST_KEY_UIMainStoryboardFile = Main;
				INFOPLIST_KEY_UISupportedInterfaceOrientations_iPad = "UIInterfaceOrientationPortrait UIInterfaceOrientationPortraitUpsideDown UIInterfaceOrientationLandscapeLeft UIInterfaceOrientationLandscapeRight";
				INFOPLIST_KEY_UISupportedInterfaceOrientations_iPhone = "UIInterfaceOrientationPortrait UIInterfaceOrientationLandscapeLeft UIInterfaceOrientationLandscapeRight";
				IPHONEOS_DEPLOYMENT_TARGET = 13.0;
				LD_RUNPATH_SEARCH_PATHS = (
					"$(inherited)",
					"@executable_path/Frameworks",
				);
				MARKETING_VERSION = 1.0;
				PRODUCT_BUNDLE_IDENTIFIER = com.youdone.TestAR;
				PRODUCT_NAME = "$(TARGET_NAME)";
				SUPPORTED_PLATFORMS = "iphoneos iphonesimulator";
				SUPPORTS_MACCATALYST = NO;
				SWIFT_EMIT_LOC_STRINGS = YES;
				SWIFT_VERSION = 5.0;
				TARGETED_DEVICE_FAMILY = "1,2";
			};
			name = Release;
		};
/* End XCBuildConfiguration section */

/* Begin XCConfigurationList section */
		9EDA35932A8618BA00DD790E /* Build configuration list for PBXProject "TestAR" */ = {
			isa = XCConfigurationList;
			buildConfigurations = (
				9EDA35AA2A8618BC00DD790E /* Debug */,
				9EDA35AB2A8618BC00DD790E /* Release */,
			);
			defaultConfigurationIsVisible = 0;
			defaultConfigurationName = Release;
		};
		9EDA35AC2A8618BC00DD790E /* Build configuration list for PBXNativeTarget "TestAR" */ = {
			isa = XCConfigurationList;
			buildConfigurations = (
				9EDA35AD2A8618BC00DD790E /* Debug */,
				9EDA35AE2A8618BC00DD790E /* Release */,
			);
			defaultConfigurationIsVisible = 0;
			defaultConfigurationName = Release;
		};
/* End XCConfigurationList section */
	};
	rootObject = 9EDA35902A8618BA00DD790E /* Project object */;
}
