// !$*UTF8*$!
{
	archiveVersion = 1;
	classes = {
	};
	objectVersion = 56;
	objects = {

/* Begin PBXBuildFile section */
		9EA4F0882AC29D47002F8F54 /* AppDelegate.swift in Sources */ = {isa = PBXBuildFile; fileRef = 9EA4F0872AC29D47002F8F54 /* AppDelegate.swift */; };
		9EA4F08A2AC29D47002F8F54 /* ViewController.swift in Sources */ = {isa = PBXBuildFile; fileRef = 9EA4F0892AC29D47002F8F54 /* ViewController.swift */; };
		9EA4F08D2AC29D47002F8F54 /* Main.storyboard in Resources */ = {isa = PBXBuildFile; fileRef = 9EA4F08B2AC29D47002F8F54 /* Main.storyboard */; };
		9EA4F08F2AC29D49002F8F54 /* Assets.xcassets in Resources */ = {isa = PBXBuildFile; fileRef = 9EA4F08E2AC29D49002F8F54 /* Assets.xcassets */; };
		9EA4F0922AC29D49002F8F54 /* LaunchScreen.storyboard in Resources */ = {isa = PBXBuildFile; fileRef = 9EA4F0902AC29D49002F8F54 /* LaunchScreen.storyboard */; };
		9EA4F0B52AC2D8A9002F8F54 /* UIKit.framework in Frameworks */ = {isa = PBXBuildFile; fileRef = 9EA4F0B42AC2D8A9002F8F54 /* UIKit.framework */; };
		9EA4F20C2AC2E28F002F8F54 /* FVSupport.mm in Sources */ = {isa = PBXBuildFile; fileRef = 9EA4F20B2AC2E28E002F8F54 /* FVSupport.mm */; };
		9EA4F24D2AC3FE20002F8F54 /* libfvcore.a in Frameworks */ = {isa = PBXBuildFile; fileRef = 9EA4F24C2AC3FE0A002F8F54 /* libfvcore.a */; };
		9EA4F2532AC40150002F8F54 /* libresolv.tbd in Frameworks */ = {isa = PBXBuildFile; fileRef = 9EA4F2522AC400E7002F8F54 /* libresolv.tbd */; };
		9EA4F2662AC40801002F8F54 /* VpnManager.swift in Sources */ = {isa = PBXBuildFile; fileRef = 9EA4F2652AC40801002F8F54 /* VpnManager.swift */; };
		9EA4F26C2AC414C2002F8F54 /* FVNetClientObjc.mm in Sources */ = {isa = PBXBuildFile; fileRef = 9EA4F26B2AC414C2002F8F54 /* FVNetClientObjc.mm */; };
		9EA4F2762AC41951002F8F54 /* NetworkExtension.framework in Frameworks */ = {isa = PBXBuildFile; fileRef = 9EA4F2752AC41951002F8F54 /* NetworkExtension.framework */; };
		9EA4F2792AC41951002F8F54 /* PacketTunnelProvider.swift in Sources */ = {isa = PBXBuildFile; fileRef = 9EA4F2782AC41951002F8F54 /* PacketTunnelProvider.swift */; };
		9EA4F27E2AC41951002F8F54 /* PacketTunnel.appex in Embed Foundation Extensions */ = {isa = PBXBuildFile; fileRef = 9EA4F2742AC41951002F8F54 /* PacketTunnel.appex */; settings = {ATTRIBUTES = (RemoveHeadersOnCopy, ); }; };
		9EA4F2862AC419E0002F8F54 /* PacketTunnelProviderObjc.mm in Sources */ = {isa = PBXBuildFile; fileRef = 9EA4F2852AC419E0002F8F54 /* PacketTunnelProviderObjc.mm */; };
		9EA4F2872AC41A35002F8F54 /* libfvcore.a in Frameworks */ = {isa = PBXBuildFile; fileRef = 9EA4F24C2AC3FE0A002F8F54 /* libfvcore.a */; };
		9EA4F2882AC41F7A002F8F54 /* libresolv.tbd in Frameworks */ = {isa = PBXBuildFile; fileRef = 9EA4F2522AC400E7002F8F54 /* libresolv.tbd */; };
		9EFA7CB82AD1239F007EBCC1 /* Test.xib in Resources */ = {isa = PBXBuildFile; fileRef = 9EFA7CB72AD1239F007EBCC1 /* Test.xib */; };
/* End PBXBuildFile section */

/* Begin PBXContainerItemProxy section */
		9EA4F27C2AC41951002F8F54 /* PBXContainerItemProxy */ = {
			isa = PBXContainerItemProxy;
			containerPortal = 9EA4F07C2AC29D47002F8F54 /* Project object */;
			proxyType = 1;
			remoteGlobalIDString = 9EA4F2732AC41951002F8F54;
			remoteInfo = PacketTunnel;
		};
/* End PBXContainerItemProxy section */

/* Begin PBXCopyFilesBuildPhase section */
		9EA4F2822AC41951002F8F54 /* Embed Foundation Extensions */ = {
			isa = PBXCopyFilesBuildPhase;
			buildActionMask = 2147483647;
			dstPath = "";
			dstSubfolderSpec = 13;
			files = (
				9EA4F27E2AC41951002F8F54 /* PacketTunnel.appex in Embed Foundation Extensions */,
			);
			name = "Embed Foundation Extensions";
			runOnlyForDeploymentPostprocessing = 0;
		};
/* End PBXCopyFilesBuildPhase section */

/* Begin PBXFileReference section */
		9EA4F0842AC29D47002F8F54 /* TestApp.app */ = {isa = PBXFileReference; explicitFileType = wrapper.application; includeInIndex = 0; path = TestApp.app; sourceTree = BUILT_PRODUCTS_DIR; };
		9EA4F0872AC29D47002F8F54 /* AppDelegate.swift */ = {isa = PBXFileReference; lastKnownFileType = sourcecode.swift; path = AppDelegate.swift; sourceTree = "<group>"; };
		9EA4F0892AC29D47002F8F54 /* ViewController.swift */ = {isa = PBXFileReference; lastKnownFileType = sourcecode.swift; path = ViewController.swift; sourceTree = "<group>"; };
		9EA4F08C2AC29D47002F8F54 /* Base */ = {isa = PBXFileReference; lastKnownFileType = file.storyboard; name = Base; path = Base.lproj/Main.storyboard; sourceTree = "<group>"; };
		9EA4F08E2AC29D49002F8F54 /* Assets.xcassets */ = {isa = PBXFileReference; lastKnownFileType = folder.assetcatalog; path = Assets.xcassets; sourceTree = "<group>"; };
		9EA4F0912AC29D49002F8F54 /* Base */ = {isa = PBXFileReference; lastKnownFileType = file.storyboard; name = Base; path = Base.lproj/LaunchScreen.storyboard; sourceTree = "<group>"; };
		9EA4F0B42AC2D8A9002F8F54 /* UIKit.framework */ = {isa = PBXFileReference; lastKnownFileType = wrapper.framework; name = UIKit.framework; path = System/Library/Frameworks/UIKit.framework; sourceTree = SDKROOT; };
		9EA4F2092AC2E28E002F8F54 /* TestApp-Bridging-Header.h */ = {isa = PBXFileReference; lastKnownFileType = sourcecode.c.h; path = "TestApp-Bridging-Header.h"; sourceTree = "<group>"; };
		9EA4F20A2AC2E28E002F8F54 /* FVSupport.h */ = {isa = PBXFileReference; fileEncoding = 4; lastKnownFileType = sourcecode.c.h; path = FVSupport.h; sourceTree = "<group>"; };
		9EA4F20B2AC2E28E002F8F54 /* FVSupport.mm */ = {isa = PBXFileReference; fileEncoding = 4; lastKnownFileType = sourcecode.cpp.objcpp; path = FVSupport.mm; sourceTree = "<group>"; };
		9EA4F24C2AC3FE0A002F8F54 /* libfvcore.a */ = {isa = PBXFileReference; lastKnownFileType = archive.ar; name = libfvcore.a; path = "../fvclient-sdk/sdk-tvsimulator/lib/libfvcore.a"; sourceTree = "<group>"; };
		9EA4F2522AC400E7002F8F54 /* libresolv.tbd */ = {isa = PBXFileReference; lastKnownFileType = "sourcecode.text-based-dylib-definition"; name = libresolv.tbd; path = usr/lib/libresolv.tbd; sourceTree = SDKROOT; };
		9EA4F2652AC40801002F8F54 /* VpnManager.swift */ = {isa = PBXFileReference; fileEncoding = 4; lastKnownFileType = sourcecode.swift; path = VpnManager.swift; sourceTree = "<group>"; };
		9EA4F2682AC41340002F8F54 /* TestApp.entitlements */ = {isa = PBXFileReference; lastKnownFileType = text.plist.entitlements; path = TestApp.entitlements; sourceTree = "<group>"; };
		9EA4F26A2AC414C2002F8F54 /* FVNetClientObjc.h */ = {isa = PBXFileReference; lastKnownFileType = sourcecode.c.h; path = FVNetClientObjc.h; sourceTree = "<group>"; };
		9EA4F26B2AC414C2002F8F54 /* FVNetClientObjc.mm */ = {isa = PBXFileReference; lastKnownFileType = sourcecode.cpp.objcpp; path = FVNetClientObjc.mm; sourceTree = "<group>"; };
		9EA4F2742AC41951002F8F54 /* PacketTunnel.appex */ = {isa = PBXFileReference; explicitFileType = "wrapper.app-extension"; includeInIndex = 0; path = PacketTunnel.appex; sourceTree = BUILT_PRODUCTS_DIR; };
		9EA4F2752AC41951002F8F54 /* NetworkExtension.framework */ = {isa = PBXFileReference; lastKnownFileType = wrapper.framework; name = NetworkExtension.framework; path = System/Library/Frameworks/NetworkExtension.framework; sourceTree = SDKROOT; };
		9EA4F2782AC41951002F8F54 /* PacketTunnelProvider.swift */ = {isa = PBXFileReference; lastKnownFileType = sourcecode.swift; path = PacketTunnelProvider.swift; sourceTree = "<group>"; };
		9EA4F27A2AC41951002F8F54 /* Info.plist */ = {isa = PBXFileReference; lastKnownFileType = text.plist.xml; path = Info.plist; sourceTree = "<group>"; };
		9EA4F27B2AC41951002F8F54 /* PacketTunnel.entitlements */ = {isa = PBXFileReference; lastKnownFileType = text.plist.entitlements; path = PacketTunnel.entitlements; sourceTree = "<group>"; };
		9EA4F2832AC419E0002F8F54 /* PacketTunnel-Bridging-Header.h */ = {isa = PBXFileReference; lastKnownFileType = sourcecode.c.h; path = "PacketTunnel-Bridging-Header.h"; sourceTree = "<group>"; };
		9EA4F2842AC419E0002F8F54 /* PacketTunnelProviderObjc.h */ = {isa = PBXFileReference; lastKnownFileType = sourcecode.c.h; path = PacketTunnelProviderObjc.h; sourceTree = "<group>"; };
		9EA4F2852AC419E0002F8F54 /* PacketTunnelProviderObjc.mm */ = {isa = PBXFileReference; lastKnownFileType = sourcecode.cpp.objcpp; path = PacketTunnelProviderObjc.mm; sourceTree = "<group>"; };
		9EFA7CB72AD1239F007EBCC1 /* Test.xib */ = {isa = PBXFileReference; lastKnownFileType = file.xib; path = Test.xib; sourceTree = "<group>"; };
/* End PBXFileReference section */

/* Begin PBXFrameworksBuildPhase section */
		9EA4F0812AC29D47002F8F54 /* Frameworks */ = {
			isa = PBXFrameworksBuildPhase;
			buildActionMask = 2147483647;
			files = (
				9EA4F24D2AC3FE20002F8F54 /* libfvcore.a in Frameworks */,
				9EA4F0B52AC2D8A9002F8F54 /* UIKit.framework in Frameworks */,
				9EA4F2532AC40150002F8F54 /* libresolv.tbd in Frameworks */,
			);
			runOnlyForDeploymentPostprocessing = 0;
		};
		9EA4F2712AC41951002F8F54 /* Frameworks */ = {
			isa = PBXFrameworksBuildPhase;
			buildActionMask = 2147483647;
			files = (
				9EA4F2872AC41A35002F8F54 /* libfvcore.a in Frameworks */,
				9EA4F2762AC41951002F8F54 /* NetworkExtension.framework in Frameworks */,
				9EA4F2882AC41F7A002F8F54 /* libresolv.tbd in Frameworks */,
			);
			runOnlyForDeploymentPostprocessing = 0;
		};
/* End PBXFrameworksBuildPhase section */

/* Begin PBXGroup section */
		9EA4F07B2AC29D47002F8F54 = {
			isa = PBXGroup;
			children = (
				9EA4F0862AC29D47002F8F54 /* TestApp */,
				9EA4F2772AC41951002F8F54 /* PacketTunnel */,
				9EA4F0852AC29D47002F8F54 /* Products */,
				9EA4F0B32AC2D8A9002F8F54 /* Frameworks */,
			);
			sourceTree = "<group>";
		};
		9EA4F0852AC29D47002F8F54 /* Products */ = {
			isa = PBXGroup;
			children = (
				9EA4F0842AC29D47002F8F54 /* TestApp.app */,
				9EA4F2742AC41951002F8F54 /* PacketTunnel.appex */,
			);
			name = Products;
			sourceTree = "<group>";
		};
		9EA4F0862AC29D47002F8F54 /* TestApp */ = {
			isa = PBXGroup;
			children = (
				9EA4F2682AC41340002F8F54 /* TestApp.entitlements */,
				9EA4F20A2AC2E28E002F8F54 /* FVSupport.h */,
				9EA4F20B2AC2E28E002F8F54 /* FVSupport.mm */,
				9EA4F26A2AC414C2002F8F54 /* FVNetClientObjc.h */,
				9EA4F26B2AC414C2002F8F54 /* FVNetClientObjc.mm */,
				9EA4F2092AC2E28E002F8F54 /* TestApp-Bridging-Header.h */,
				9EA4F0872AC29D47002F8F54 /* AppDelegate.swift */,
				9EA4F0892AC29D47002F8F54 /* ViewController.swift */,
				9EA4F2652AC40801002F8F54 /* VpnManager.swift */,
				9EA4F08B2AC29D47002F8F54 /* Main.storyboard */,
				9EA4F08E2AC29D49002F8F54 /* Assets.xcassets */,
				9EA4F0902AC29D49002F8F54 /* LaunchScreen.storyboard */,
				9EFA7CB72AD1239F007EBCC1 /* Test.xib */,
			);
			path = TestApp;
			sourceTree = "<group>";
		};
		9EA4F0B32AC2D8A9002F8F54 /* Frameworks */ = {
			isa = PBXGroup;
			children = (
				9EA4F2522AC400E7002F8F54 /* libresolv.tbd */,
				9EA4F24C2AC3FE0A002F8F54 /* libfvcore.a */,
				9EA4F0B42AC2D8A9002F8F54 /* UIKit.framework */,
				9EA4F2752AC41951002F8F54 /* NetworkExtension.framework */,
			);
			name = Frameworks;
			sourceTree = "<group>";
		};
		9EA4F2772AC41951002F8F54 /* PacketTunnel */ = {
			isa = PBXGroup;
			children = (
				9EA4F2782AC41951002F8F54 /* PacketTunnelProvider.swift */,
				9EA4F27A2AC41951002F8F54 /* Info.plist */,
				9EA4F27B2AC41951002F8F54 /* PacketTunnel.entitlements */,
				9EA4F2842AC419E0002F8F54 /* PacketTunnelProviderObjc.h */,
				9EA4F2852AC419E0002F8F54 /* PacketTunnelProviderObjc.mm */,
				9EA4F2832AC419E0002F8F54 /* PacketTunnel-Bridging-Header.h */,
			);
			path = PacketTunnel;
			sourceTree = "<group>";
		};
/* End PBXGroup section */

/* Begin PBXNativeTarget section */
		9EA4F0832AC29D47002F8F54 /* TestApp */ = {
			isa = PBXNativeTarget;
			buildConfigurationList = 9EA4F0952AC29D49002F8F54 /* Build configuration list for PBXNativeTarget "TestApp" */;
			buildPhases = (
				9EA4F0802AC29D47002F8F54 /* Sources */,
				9EA4F0812AC29D47002F8F54 /* Frameworks */,
				9EA4F0822AC29D47002F8F54 /* Resources */,
				9EA4F2822AC41951002F8F54 /* Embed Foundation Extensions */,
			);
			buildRules = (
			);
			dependencies = (
				9EA4F27D2AC41951002F8F54 /* PBXTargetDependency */,
			);
			name = TestApp;
			productName = TestApp;
			productReference = 9EA4F0842AC29D47002F8F54 /* TestApp.app */;
			productType = "com.apple.product-type.application";
		};
		9EA4F2732AC41951002F8F54 /* PacketTunnel */ = {
			isa = PBXNativeTarget;
			buildConfigurationList = 9EA4F27F2AC41951002F8F54 /* Build configuration list for PBXNativeTarget "PacketTunnel" */;
			buildPhases = (
				9EA4F2702AC41951002F8F54 /* Sources */,
				9EA4F2712AC41951002F8F54 /* Frameworks */,
				9EA4F2722AC41951002F8F54 /* Resources */,
			);
			buildRules = (
			);
			dependencies = (
			);
			name = PacketTunnel;
			productName = PacketTunnel;
			productReference = 9EA4F2742AC41951002F8F54 /* PacketTunnel.appex */;
			productType = "com.apple.product-type.app-extension";
		};
/* End PBXNativeTarget section */

/* Begin PBXProject section */
		9EA4F07C2AC29D47002F8F54 /* Project object */ = {
			isa = PBXProject;
			attributes = {
				BuildIndependentTargetsInParallel = 1;
				LastSwiftUpdateCheck = 1500;
				LastUpgradeCheck = 1500;
				TargetAttributes = {
					9EA4F0832AC29D47002F8F54 = {
						CreatedOnToolsVersion = 15.0;
						LastSwiftMigration = 1500;
					};
					9EA4F2732AC41951002F8F54 = {
						CreatedOnToolsVersion = 15.0;
						LastSwiftMigration = 1500;
					};
				};
			};
			buildConfigurationList = 9EA4F07F2AC29D47002F8F54 /* Build configuration list for PBXProject "TestApp" */;
			compatibilityVersion = "Xcode 14.0";
			developmentRegion = en;
			hasScannedForEncodings = 0;
			knownRegions = (
				en,
				Base,
			);
			mainGroup = 9EA4F07B2AC29D47002F8F54;
			productRefGroup = 9EA4F0852AC29D47002F8F54 /* Products */;
			projectDirPath = "";
			projectRoot = "";
			targets = (
				9EA4F0832AC29D47002F8F54 /* TestApp */,
				9EA4F2732AC41951002F8F54 /* PacketTunnel */,
			);
		};
/* End PBXProject section */

/* Begin PBXResourcesBuildPhase section */
		9EA4F0822AC29D47002F8F54 /* Resources */ = {
			isa = PBXResourcesBuildPhase;
			buildActionMask = 2147483647;
			files = (
				9EA4F0922AC29D49002F8F54 /* LaunchScreen.storyboard in Resources */,
				9EFA7CB82AD1239F007EBCC1 /* Test.xib in Resources */,
				9EA4F08F2AC29D49002F8F54 /* Assets.xcassets in Resources */,
				9EA4F08D2AC29D47002F8F54 /* Main.storyboard in Resources */,
			);
			runOnlyForDeploymentPostprocessing = 0;
		};
		9EA4F2722AC41951002F8F54 /* Resources */ = {
			isa = PBXResourcesBuildPhase;
			buildActionMask = 2147483647;
			files = (
			);
			runOnlyForDeploymentPostprocessing = 0;
		};
/* End PBXResourcesBuildPhase section */

/* Begin PBXSourcesBuildPhase section */
		9EA4F0802AC29D47002F8F54 /* Sources */ = {
			isa = PBXSourcesBuildPhase;
			buildActionMask = 2147483647;
			files = (
				9EA4F20C2AC2E28F002F8F54 /* FVSupport.mm in Sources */,
				9EA4F08A2AC29D47002F8F54 /* ViewController.swift in Sources */,
				9EA4F26C2AC414C2002F8F54 /* FVNetClientObjc.mm in Sources */,
				9EA4F2662AC40801002F8F54 /* VpnManager.swift in Sources */,
				9EA4F0882AC29D47002F8F54 /* AppDelegate.swift in Sources */,
			);
			runOnlyForDeploymentPostprocessing = 0;
		};
		9EA4F2702AC41951002F8F54 /* Sources */ = {
			isa = PBXSourcesBuildPhase;
			buildActionMask = 2147483647;
			files = (
				9EA4F2862AC419E0002F8F54 /* PacketTunnelProviderObjc.mm in Sources */,
				9EA4F2792AC41951002F8F54 /* PacketTunnelProvider.swift in Sources */,
			);
			runOnlyForDeploymentPostprocessing = 0;
		};
/* End PBXSourcesBuildPhase section */

/* Begin PBXTargetDependency section */
		9EA4F27D2AC41951002F8F54 /* PBXTargetDependency */ = {
			isa = PBXTargetDependency;
			target = 9EA4F2732AC41951002F8F54 /* PacketTunnel */;
			targetProxy = 9EA4F27C2AC41951002F8F54 /* PBXContainerItemProxy */;
		};
/* End PBXTargetDependency section */

/* Begin PBXVariantGroup section */
		9EA4F08B2AC29D47002F8F54 /* Main.storyboard */ = {
			isa = PBXVariantGroup;
			children = (
				9EA4F08C2AC29D47002F8F54 /* Base */,
			);
			name = Main.storyboard;
			sourceTree = "<group>";
		};
		9EA4F0902AC29D49002F8F54 /* LaunchScreen.storyboard */ = {
			isa = PBXVariantGroup;
			children = (
				9EA4F0912AC29D49002F8F54 /* Base */,
			);
			name = LaunchScreen.storyboard;
			sourceTree = "<group>";
		};
/* End PBXVariantGroup section */

/* Begin XCBuildConfiguration section */
		9EA4F0932AC29D49002F8F54 /* Debug */ = {
			isa = XCBuildConfiguration;
			buildSettings = {
				ALWAYS_SEARCH_USER_PATHS = NO;
				ASSETCATALOG_COMPILER_GENERATE_SWIFT_ASSET_SYMBOL_EXTENSIONS = YES;
				CLANG_ANALYZER_NONNULL = YES;
				CLANG_ANALYZER_NUMBER_OBJECT_CONVERSION = YES_AGGRESSIVE;
				CLANG_CXX_LANGUAGE_STANDARD = "gnu++20";
				CLANG_ENABLE_MODULES = YES;
				CLANG_ENABLE_OBJC_ARC = YES;
				CLANG_ENABLE_OBJC_WEAK = YES;
				CLANG_WARN_BLOCK_CAPTURE_AUTORELEASING = YES;
				CLANG_WARN_BOOL_CONVERSION = YES;
				CLANG_WARN_COMMA = YES;
				CLANG_WARN_CONSTANT_CONVERSION = YES;
				CLANG_WARN_DEPRECATED_OBJC_IMPLEMENTATIONS = YES;
				CLANG_WARN_DIRECT_OBJC_ISA_USAGE = YES_ERROR;
				CLANG_WARN_DOCUMENTATION_COMMENTS = YES;
				CLANG_WARN_EMPTY_BODY = YES;
				CLANG_WARN_ENUM_CONVERSION = YES;
				CLANG_WARN_INFINITE_RECURSION = YES;
				CLANG_WARN_INT_CONVERSION = YES;
				CLANG_WARN_NON_LITERAL_NULL_CONVERSION = YES;
				CLANG_WARN_OBJC_IMPLICIT_RETAIN_SELF = YES;
				CLANG_WARN_OBJC_LITERAL_CONVERSION = YES;
				CLANG_WARN_OBJC_ROOT_CLASS = YES_ERROR;
				CLANG_WARN_QUOTED_INCLUDE_IN_FRAMEWORK_HEADER = YES;
				CLANG_WARN_RANGE_LOOP_ANALYSIS = YES;
				CLANG_WARN_STRICT_PROTOTYPES = YES;
				CLANG_WARN_SUSPICIOUS_MOVE = YES;
				CLANG_WARN_UNGUARDED_AVAILABILITY = YES_AGGRESSIVE;
				CLANG_WARN_UNREACHABLE_CODE = YES;
				CLANG_WARN__DUPLICATE_METHOD_MATCH = YES;
				COPY_PHASE_STRIP = NO;
				DEBUG_INFORMATION_FORMAT = dwarf;
				ENABLE_STRICT_OBJC_MSGSEND = YES;
				ENABLE_TESTABILITY = YES;
				ENABLE_USER_SCRIPT_SANDBOXING = YES;
				GCC_C_LANGUAGE_STANDARD = gnu17;
				GCC_DYNAMIC_NO_PIC = NO;
				GCC_NO_COMMON_BLOCKS = YES;
				GCC_OPTIMIZATION_LEVEL = 0;
				GCC_PREPROCESSOR_DEFINITIONS = (
					"DEBUG=1",
					"$(inherited)",
				);
				GCC_WARN_64_TO_32_BIT_CONVERSION = YES;
				GCC_WARN_ABOUT_RETURN_TYPE = YES_ERROR;
				GCC_WARN_UNDECLARED_SELECTOR = YES;
				GCC_WARN_UNINITIALIZED_AUTOS = YES_AGGRESSIVE;
				GCC_WARN_UNUSED_FUNCTION = YES;
				GCC_WARN_UNUSED_VARIABLE = YES;
				HEADER_SEARCH_PATHS = "$(SRCROOT)/../fvclient/include";
				LIBRARY_SEARCH_PATHS = "";
				LOCALIZATION_PREFERS_STRING_CATALOGS = YES;
				MTL_ENABLE_DEBUG_INFO = INCLUDE_SOURCE;
				MTL_FAST_MATH = YES;
				ONLY_ACTIVE_ARCH = YES;
				SDKROOT = appletvos;
				SWIFT_ACTIVE_COMPILATION_CONDITIONS = "DEBUG $(inherited)";
				SWIFT_OPTIMIZATION_LEVEL = "-Onone";
				TVOS_DEPLOYMENT_TARGET = 17.0;
			};
			name = Debug;
		};
		9EA4F0942AC29D49002F8F54 /* Release */ = {
			isa = XCBuildConfiguration;
			buildSettings = {
				ALWAYS_SEARCH_USER_PATHS = NO;
				ASSETCATALOG_COMPILER_GENERATE_SWIFT_ASSET_SYMBOL_EXTENSIONS = YES;
				CLANG_ANALYZER_NONNULL = YES;
				CLANG_ANALYZER_NUMBER_OBJECT_CONVERSION = YES_AGGRESSIVE;
				CLANG_CXX_LANGUAGE_STANDARD = "gnu++20";
				CLANG_ENABLE_MODULES = YES;
				CLANG_ENABLE_OBJC_ARC = YES;
				CLANG_ENABLE_OBJC_WEAK = YES;
				CLANG_WARN_BLOCK_CAPTURE_AUTORELEASING = YES;
				CLANG_WARN_BOOL_CONVERSION = YES;
				CLANG_WARN_COMMA = YES;
				CLANG_WARN_CONSTANT_CONVERSION = YES;
				CLANG_WARN_DEPRECATED_OBJC_IMPLEMENTATIONS = YES;
				CLANG_WARN_DIRECT_OBJC_ISA_USAGE = YES_ERROR;
				CLANG_WARN_DOCUMENTATION_COMMENTS = YES;
				CLANG_WARN_EMPTY_BODY = YES;
				CLANG_WARN_ENUM_CONVERSION = YES;
				CLANG_WARN_INFINITE_RECURSION = YES;
				CLANG_WARN_INT_CONVERSION = YES;
				CLANG_WARN_NON_LITERAL_NULL_CONVERSION = YES;
				CLANG_WARN_OBJC_IMPLICIT_RETAIN_SELF = YES;
				CLANG_WARN_OBJC_LITERAL_CONVERSION = YES;
				CLANG_WARN_OBJC_ROOT_CLASS = YES_ERROR;
				CLANG_WARN_QUOTED_INCLUDE_IN_FRAMEWORK_HEADER = YES;
				CLANG_WARN_RANGE_LOOP_ANALYSIS = YES;
				CLANG_WARN_STRICT_PROTOTYPES = YES;
				CLANG_WARN_SUSPICIOUS_MOVE = YES;
				CLANG_WARN_UNGUARDED_AVAILABILITY = YES_AGGRESSIVE;
				CLANG_WARN_UNREACHABLE_CODE = YES;
				CLANG_WARN__DUPLICATE_METHOD_MATCH = YES;
				COPY_PHASE_STRIP = NO;
				DEBUG_INFORMATION_FORMAT = "dwarf-with-dsym";
				ENABLE_NS_ASSERTIONS = NO;
				ENABLE_STRICT_OBJC_MSGSEND = YES;
				ENABLE_USER_SCRIPT_SANDBOXING = YES;
				GCC_C_LANGUAGE_STANDARD = gnu17;
				GCC_NO_COMMON_BLOCKS = YES;
				GCC_WARN_64_TO_32_BIT_CONVERSION = YES;
				GCC_WARN_ABOUT_RETURN_TYPE = YES_ERROR;
				GCC_WARN_UNDECLARED_SELECTOR = YES;
				GCC_WARN_UNINITIALIZED_AUTOS = YES_AGGRESSIVE;
				GCC_WARN_UNUSED_FUNCTION = YES;
				GCC_WARN_UNUSED_VARIABLE = YES;
				HEADER_SEARCH_PATHS = "$(SRCROOT)/../fvclient/include";
				LIBRARY_SEARCH_PATHS = "";
				LOCALIZATION_PREFERS_STRING_CATALOGS = YES;
				MTL_ENABLE_DEBUG_INFO = NO;
				MTL_FAST_MATH = YES;
				SDKROOT = appletvos;
				SWIFT_COMPILATION_MODE = wholemodule;
				TVOS_DEPLOYMENT_TARGET = 17.0;
				VALIDATE_PRODUCT = YES;
			};
			name = Release;
		};
		9EA4F0962AC29D49002F8F54 /* Debug */ = {
			isa = XCBuildConfiguration;
			buildSettings = {
				ALWAYS_EMBED_SWIFT_STANDARD_LIBRARIES = YES;
				ASSETCATALOG_COMPILER_APPICON_NAME = "App Icon & Top Shelf Image";
				ASSETCATALOG_COMPILER_GLOBAL_ACCENT_COLOR_NAME = AccentColor;
				CLANG_ENABLE_MODULES = YES;
				CODE_SIGN_ENTITLEMENTS = TestApp/TestApp.entitlements;
				CODE_SIGN_STYLE = Automatic;
				CURRENT_PROJECT_VERSION = 1.0.0.0;
				DEVELOPMENT_TEAM = N82WKSN6R7;
				GENERATE_INFOPLIST_FILE = YES;
				INFOPLIST_KEY_UILaunchStoryboardName = LaunchScreen;
				INFOPLIST_KEY_UIMainStoryboardFile = Main;
				INFOPLIST_KEY_UIUserInterfaceStyle = Automatic;
				LD_RUNPATH_SEARCH_PATHS = (
					"$(inherited)",
					"@executable_path/Frameworks",
				);
				LIBRARY_SEARCH_PATHS = "$(SRCROOT)/../fvclient-sdk/sdk-tvos/lib";
				MARKETING_VERSION = 1.0.0;
				PRODUCT_BUNDLE_IDENTIFIER = com.ajs.appleTV;
				PRODUCT_NAME = "$(TARGET_NAME)";
				SWIFT_EMIT_LOC_STRINGS = YES;
				SWIFT_OBJC_BRIDGING_HEADER = "TestApp/TestApp-Bridging-Header.h";
				SWIFT_OPTIMIZATION_LEVEL = "-Onone";
				SWIFT_VERSION = 5.0;
				TARGETED_DEVICE_FAMILY = 3;
			};
			name = Debug;
		};
		9EA4F0972AC29D49002F8F54 /* Release */ = {
			isa = XCBuildConfiguration;
			buildSettings = {
				ALWAYS_EMBED_SWIFT_STANDARD_LIBRARIES = YES;
				ASSETCATALOG_COMPILER_APPICON_NAME = "App Icon & Top Shelf Image";
				ASSETCATALOG_COMPILER_GLOBAL_ACCENT_COLOR_NAME = AccentColor;
				CLANG_ENABLE_MODULES = YES;
				CODE_SIGN_ENTITLEMENTS = TestApp/TestApp.entitlements;
				CODE_SIGN_STYLE = Automatic;
				CURRENT_PROJECT_VERSION = 1.0.0.0;
				DEVELOPMENT_TEAM = N82WKSN6R7;
				GENERATE_INFOPLIST_FILE = YES;
				INFOPLIST_KEY_UILaunchStoryboardName = LaunchScreen;
				INFOPLIST_KEY_UIMainStoryboardFile = Main;
				INFOPLIST_KEY_UIUserInterfaceStyle = Automatic;
				LD_RUNPATH_SEARCH_PATHS = (
					"$(inherited)",
					"@executable_path/Frameworks",
				);
				LIBRARY_SEARCH_PATHS = "$(SRCROOT)/../fvclient-sdk/sdk-tvos/lib";
				MARKETING_VERSION = 1.0.0;
				PRODUCT_BUNDLE_IDENTIFIER = com.ajs.appleTV;
				PRODUCT_NAME = "$(TARGET_NAME)";
				SWIFT_EMIT_LOC_STRINGS = YES;
				SWIFT_OBJC_BRIDGING_HEADER = "TestApp/TestApp-Bridging-Header.h";
				SWIFT_VERSION = 5.0;
				TARGETED_DEVICE_FAMILY = 3;
			};
			name = Release;
		};
		9EA4F2802AC41951002F8F54 /* Debug */ = {
			isa = XCBuildConfiguration;
			buildSettings = {
				CLANG_ENABLE_MODULES = YES;
				CODE_SIGN_ENTITLEMENTS = PacketTunnel/PacketTunnel.entitlements;
				CODE_SIGN_STYLE = Automatic;
				CURRENT_PROJECT_VERSION = 1;
				DEVELOPMENT_TEAM = N82WKSN6R7;
				GENERATE_INFOPLIST_FILE = YES;
				INFOPLIST_FILE = PacketTunnel/Info.plist;
				INFOPLIST_KEY_CFBundleDisplayName = PacketTunnel;
				INFOPLIST_KEY_NSHumanReadableCopyright = "";
				LD_RUNPATH_SEARCH_PATHS = (
					"$(inherited)",
					"@executable_path/Frameworks",
					"@executable_path/../../Frameworks",
				);
				LIBRARY_SEARCH_PATHS = "$(SRCROOT)/../fvclient-sdk/sdk-tvos/lib";
				MARKETING_VERSION = 1.0;
				PRODUCT_BUNDLE_IDENTIFIER = com.ajs.appleTV.PacketTunnel;
				PRODUCT_NAME = "$(TARGET_NAME)";
				SKIP_INSTALL = YES;
				SWIFT_EMIT_LOC_STRINGS = YES;
				SWIFT_OBJC_BRIDGING_HEADER = "PacketTunnel/PacketTunnel-Bridging-Header.h";
				SWIFT_OPTIMIZATION_LEVEL = "-Onone";
				SWIFT_VERSION = 5.0;
				TARGETED_DEVICE_FAMILY = 3;
			};
			name = Debug;
		};
		9EA4F2812AC41951002F8F54 /* Release */ = {
			isa = XCBuildConfiguration;
			buildSettings = {
				CLANG_ENABLE_MODULES = YES;
				CODE_SIGN_ENTITLEMENTS = PacketTunnel/PacketTunnel.entitlements;
				CODE_SIGN_STYLE = Automatic;
				CURRENT_PROJECT_VERSION = 1;
				DEVELOPMENT_TEAM = N82WKSN6R7;
				GENERATE_INFOPLIST_FILE = YES;
				INFOPLIST_FILE = PacketTunnel/Info.plist;
				INFOPLIST_KEY_CFBundleDisplayName = PacketTunnel;
				INFOPLIST_KEY_NSHumanReadableCopyright = "";
				LD_RUNPATH_SEARCH_PATHS = (
					"$(inherited)",
					"@executable_path/Frameworks",
					"@executable_path/../../Frameworks",
				);
				LIBRARY_SEARCH_PATHS = "$(SRCROOT)/../fvclient-sdk/sdk-tvos/lib";
				MARKETING_VERSION = 1.0;
				PRODUCT_BUNDLE_IDENTIFIER = com.ajs.appleTV.PacketTunnel;
				PRODUCT_NAME = "$(TARGET_NAME)";
				SKIP_INSTALL = YES;
				SWIFT_EMIT_LOC_STRINGS = YES;
				SWIFT_OBJC_BRIDGING_HEADER = "PacketTunnel/PacketTunnel-Bridging-Header.h";
				SWIFT_VERSION = 5.0;
				TARGETED_DEVICE_FAMILY = 3;
			};
			name = Release;
		};
/* End XCBuildConfiguration section */

/* Begin XCConfigurationList section */
		9EA4F07F2AC29D47002F8F54 /* Build configuration list for PBXProject "TestApp" */ = {
			isa = XCConfigurationList;
			buildConfigurations = (
				9EA4F0932AC29D49002F8F54 /* Debug */,
				9EA4F0942AC29D49002F8F54 /* Release */,
			);
			defaultConfigurationIsVisible = 0;
			defaultConfigurationName = Release;
		};
		9EA4F0952AC29D49002F8F54 /* Build configuration list for PBXNativeTarget "TestApp" */ = {
			isa = XCConfigurationList;
			buildConfigurations = (
				9EA4F0962AC29D49002F8F54 /* Debug */,
				9EA4F0972AC29D49002F8F54 /* Release */,
			);
			defaultConfigurationIsVisible = 0;
			defaultConfigurationName = Release;
		};
		9EA4F27F2AC41951002F8F54 /* Build configuration list for PBXNativeTarget "PacketTunnel" */ = {
			isa = XCConfigurationList;
			buildConfigurations = (
				9EA4F2802AC41951002F8F54 /* Debug */,
				9EA4F2812AC41951002F8F54 /* Release */,
			);
			defaultConfigurationIsVisible = 0;
			defaultConfigurationName = Release;
		};
/* End XCConfigurationList section */
	};
	rootObject = 9EA4F07C2AC29D47002F8F54 /* Project object */;
}
