// !$*UTF8*$!
{
	archiveVersion = 1;
	classes = {
	};
	objectVersion = 51;
	objects = {

/* Begin PBXBuildFile section */
		08F9BD98B952D5FE16981316 /* Pods_SwiftDemo.framework in Frameworks */ = {isa = PBXBuildFile; fileRef = 20CE7D473F57E0A6FF0743A7 /* Pods_SwiftDemo.framework */; };
		4107D05024653FA6004C9FF7 /* CustomViewController.swift in Sources */ = {isa = PBXBuildFile; fileRef = 4107D04F24653FA6004C9FF7 /* CustomViewController.swift */; };
		413A77E5233B4FF600232C41 /* ViewModelType.swift in Sources */ = {isa = PBXBuildFile; fileRef = 413A77E4233B4FF600232C41 /* ViewModelType.swift */; };
		4147F1D72462F03A0013A4F7 /* TestPointerViewController.swift in Sources */ = {isa = PBXBuildFile; fileRef = 4147F1D62462F03A0013A4F7 /* TestPointerViewController.swift */; };
		4147F1D92463A9920013A4F7 /* TestClass.swift in Sources */ = {isa = PBXBuildFile; fileRef = 4147F1D82463A9920013A4F7 /* TestClass.swift */; };
		4148F78E23FE4A2D00068F0E /* TestGestureViewController.swift in Sources */ = {isa = PBXBuildFile; fileRef = 4148F78D23FE4A2D00068F0E /* TestGestureViewController.swift */; };
		417E127323E6BAFF002C0CFA /* UIWindow+Ext.swift in Sources */ = {isa = PBXBuildFile; fileRef = 417E126D23E6BAFF002C0CFA /* UIWindow+Ext.swift */; };
		417E127423E6BAFF002C0CFA /* UIViewController+Ext.swift in Sources */ = {isa = PBXBuildFile; fileRef = 417E126E23E6BAFF002C0CFA /* UIViewController+Ext.swift */; };
		417E127523E6BAFF002C0CFA /* String+Ext.swift in Sources */ = {isa = PBXBuildFile; fileRef = 417E126F23E6BAFF002C0CFA /* String+Ext.swift */; };
		417E127623E6BAFF002C0CFA /* UIBarButtonItem+Ext.swift in Sources */ = {isa = PBXBuildFile; fileRef = 417E127023E6BAFF002C0CFA /* UIBarButtonItem+Ext.swift */; };
		417E127723E6BAFF002C0CFA /* Int+Ext.swift in Sources */ = {isa = PBXBuildFile; fileRef = 417E127123E6BAFF002C0CFA /* Int+Ext.swift */; };
		417E127823E6BAFF002C0CFA /* UIColor+Ext.swift in Sources */ = {isa = PBXBuildFile; fileRef = 417E127223E6BAFF002C0CFA /* UIColor+Ext.swift */; };
		417E127B23E6BB81002C0CFA /* BaseNavigationController.swift in Sources */ = {isa = PBXBuildFile; fileRef = 417E127A23E6BB81002C0CFA /* BaseNavigationController.swift */; };
		417E127E23E6BC1E002C0CFA /* TestNav1ViewController.swift in Sources */ = {isa = PBXBuildFile; fileRef = 417E127D23E6BC1E002C0CFA /* TestNav1ViewController.swift */; };
		417E128023E6BC2D002C0CFA /* TestNav2ViewController.swift in Sources */ = {isa = PBXBuildFile; fileRef = 417E127F23E6BC2D002C0CFA /* TestNav2ViewController.swift */; };
		417E128323E6D035002C0CFA /* NSObject+Ext.swift in Sources */ = {isa = PBXBuildFile; fileRef = 417E128223E6D035002C0CFA /* NSObject+Ext.swift */; };
		417E128623E7BAB0002C0CFA /* TestDismiss1ViewController.swift in Sources */ = {isa = PBXBuildFile; fileRef = 417E128523E7BAB0002C0CFA /* TestDismiss1ViewController.swift */; };
		417E128823E7BAC8002C0CFA /* TestDismiss2ViewController.swift in Sources */ = {isa = PBXBuildFile; fileRef = 417E128723E7BAC8002C0CFA /* TestDismiss2ViewController.swift */; };
		4198C85F2457CB08000C80B9 /* Test111ViewController.swift in Sources */ = {isa = PBXBuildFile; fileRef = 4198C85E2457CB07000C80B9 /* Test111ViewController.swift */; };
		41B4F848234F253E00D6949E /* MeViewController_1.swift in Sources */ = {isa = PBXBuildFile; fileRef = 41B4F847234F253E00D6949E /* MeViewController_1.swift */; };
		41C0660F23419A8D00515265 /* RentalInfoView.swift in Sources */ = {isa = PBXBuildFile; fileRef = 41C0660E23419A8D00515265 /* RentalInfoView.swift */; };
		41C0661123419B2100515265 /* CarPickUpInfoView.swift in Sources */ = {isa = PBXBuildFile; fileRef = 41C0661023419B2100515265 /* CarPickUpInfoView.swift */; };
		41C0661323419C1D00515265 /* RentalInfoViewModel.swift in Sources */ = {isa = PBXBuildFile; fileRef = 41C0661223419C1D00515265 /* RentalInfoViewModel.swift */; };
		41C0661523419C3400515265 /* CarPickUpInfoViewModel.swift in Sources */ = {isa = PBXBuildFile; fileRef = 41C0661423419C3400515265 /* CarPickUpInfoViewModel.swift */; };
		41CD775C2367EAAB00406A4D /* COBMessagePanel.swift in Sources */ = {isa = PBXBuildFile; fileRef = 41CD775B2367EAAB00406A4D /* COBMessagePanel.swift */; };
		41E3D0742355D0CD007ED50F /* Person.swift in Sources */ = {isa = PBXBuildFile; fileRef = 41E3D0732355D0CD007ED50F /* Person.swift */; };
		41E3D0762356B469007ED50F /* Person1.swift in Sources */ = {isa = PBXBuildFile; fileRef = 41E3D0752356B469007ED50F /* Person1.swift */; };
		41E3D0782356EC7B007ED50F /* Animal.swift in Sources */ = {isa = PBXBuildFile; fileRef = 41E3D0772356EC7B007ED50F /* Animal.swift */; };
		41EB580D24A4A0C900E29B9A /* SwiftPerson.swift in Sources */ = {isa = PBXBuildFile; fileRef = 41EB580C24A4A0C900E29B9A /* SwiftPerson.swift */; };
		41EB580F24A4A0F800E29B9A /* TestRX1ViewController.swift in Sources */ = {isa = PBXBuildFile; fileRef = 41EB580E24A4A0F800E29B9A /* TestRX1ViewController.swift */; };
		41EB581124A4DA6E00E29B9A /* TestRX2ViewController.swift in Sources */ = {isa = PBXBuildFile; fileRef = 41EB581024A4DA6E00E29B9A /* TestRX2ViewController.swift */; };
		4A4AE9022474FCBF00065CE4 /* TestProtocolViewController.swift in Sources */ = {isa = PBXBuildFile; fileRef = 4A4AE9012474FCBF00065CE4 /* TestProtocolViewController.swift */; };
		4A4AE9042475005A00065CE4 /* TestProtocol.swift in Sources */ = {isa = PBXBuildFile; fileRef = 4A4AE9032475005A00065CE4 /* TestProtocol.swift */; };
		4A64BB7623C5AC1000669056 /* CountDownButton.swift in Sources */ = {isa = PBXBuildFile; fileRef = 4A64BB7523C5AC1000669056 /* CountDownButton.swift */; };
		4A7503A22488BEA60066EC23 /* Timer+Ext.swift in Sources */ = {isa = PBXBuildFile; fileRef = 4A7503A12488BEA60066EC23 /* Timer+Ext.swift */; };
		4A7518E2246E53330013FF11 /* TestClosureViewController.swift in Sources */ = {isa = PBXBuildFile; fileRef = 4A7518E1246E53330013FF11 /* TestClosureViewController.swift */; };
		4A952E0323C3114E002EC937 /* ReusableView.swift in Sources */ = {isa = PBXBuildFile; fileRef = 4A952E0223C3114E002EC937 /* ReusableView.swift */; };
		4A9AD3352468FA58002D78FB /* TestIPadViewController.swift in Sources */ = {isa = PBXBuildFile; fileRef = 4A9AD3342468FA58002D78FB /* TestIPadViewController.swift */; };
		4AD46A7C246B93FB00345EC1 /* TestCFViewController.swift in Sources */ = {isa = PBXBuildFile; fileRef = 4AD46A7B246B93FB00345EC1 /* TestCFViewController.swift */; };
		4AD46A7F246B9EBD00345EC1 /* CFTest.swift in Sources */ = {isa = PBXBuildFile; fileRef = 4AD46A7E246B9EBD00345EC1 /* CFTest.swift */; };
		A3137F9B2329F26200670DB4 /* Utils.swift in Sources */ = {isa = PBXBuildFile; fileRef = A3137F9A2329F26200670DB4 /* Utils.swift */; };
		A31602E423261A1B00A63BC8 /* ThanosGauntletControl.swift in Sources */ = {isa = PBXBuildFile; fileRef = A31602E323261A1B00A63BC8 /* ThanosGauntletControl.swift */; };
		A36F3F10230691F90028273C /* TestViewController.swift in Sources */ = {isa = PBXBuildFile; fileRef = A36F3F0F230691F90028273C /* TestViewController.swift */; };
		A36F3F1B230693F30028273C /* thanos_dust_3.mp3 in Resources */ = {isa = PBXBuildFile; fileRef = A36F3F13230693F20028273C /* thanos_dust_3.mp3 */; };
		A36F3F1C230693F30028273C /* thanos_reverse_sound.mp3 in Resources */ = {isa = PBXBuildFile; fileRef = A36F3F14230693F20028273C /* thanos_reverse_sound.mp3 */; };
		A36F3F1D230693F30028273C /* thanos_dust_6.mp3 in Resources */ = {isa = PBXBuildFile; fileRef = A36F3F15230693F30028273C /* thanos_dust_6.mp3 */; };
		A36F3F1E230693F30028273C /* thanos_dust_1.mp3 in Resources */ = {isa = PBXBuildFile; fileRef = A36F3F16230693F30028273C /* thanos_dust_1.mp3 */; };
		A36F3F1F230693F30028273C /* thanos_dust_5.mp3 in Resources */ = {isa = PBXBuildFile; fileRef = A36F3F17230693F30028273C /* thanos_dust_5.mp3 */; };
		A36F3F20230693F30028273C /* thanos_snap_sound.mp3 in Resources */ = {isa = PBXBuildFile; fileRef = A36F3F18230693F30028273C /* thanos_snap_sound.mp3 */; };
		A36F3F21230693F30028273C /* thanos_dust_4.mp3 in Resources */ = {isa = PBXBuildFile; fileRef = A36F3F19230693F30028273C /* thanos_dust_4.mp3 */; };
		A36F3F22230693F30028273C /* thanos_dust_2.mp3 in Resources */ = {isa = PBXBuildFile; fileRef = A36F3F1A230693F30028273C /* thanos_dust_2.mp3 */; };
		A36F3F25230695AB0028273C /* UIView+Extensions.swift in Sources */ = {isa = PBXBuildFile; fileRef = A36F3F24230695AB0028273C /* UIView+Extensions.swift */; };
		A36F3F2923069B400028273C /* DustEffectView.swift in Sources */ = {isa = PBXBuildFile; fileRef = A36F3F2823069B400028273C /* DustEffectView.swift */; };
		A36F3F2C23069D0E0028273C /* AnimatableSpriteLayer.swift in Sources */ = {isa = PBXBuildFile; fileRef = A36F3F2B23069D0E0028273C /* AnimatableSpriteLayer.swift */; };
		A37C70CD231FC05F00CDF6B8 /* PlayVideoViewController.swift in Sources */ = {isa = PBXBuildFile; fileRef = A37C70CC231FC05F00CDF6B8 /* PlayVideoViewController.swift */; };
		A37C70CF231FC45A00CDF6B8 /* Me.storyboard in Resources */ = {isa = PBXBuildFile; fileRef = A37C70CE231FC45A00CDF6B8 /* Me.storyboard */; };
		A37C70D1231FC63900CDF6B8 /* MeViewController.swift in Sources */ = {isa = PBXBuildFile; fileRef = A37C70D0231FC63900CDF6B8 /* MeViewController.swift */; };
		A3A4C882232230F200021936 /* RecordVideoViewController.swift in Sources */ = {isa = PBXBuildFile; fileRef = A3A4C881232230F200021936 /* RecordVideoViewController.swift */; };
		A3A4C8842322390600021936 /* MergeVideoViewController.swift in Sources */ = {isa = PBXBuildFile; fileRef = A3A4C8832322390600021936 /* MergeVideoViewController.swift */; };
		A3A4C88623223DF400021936 /* VideoHelper.swift in Sources */ = {isa = PBXBuildFile; fileRef = A3A4C88523223DF400021936 /* VideoHelper.swift */; };
		A3F5207A22DF077E00FE086E /* AppDelegate.swift in Sources */ = {isa = PBXBuildFile; fileRef = A3F5207922DF077E00FE086E /* AppDelegate.swift */; };
		A3F5207C22DF077E00FE086E /* ViewController.swift in Sources */ = {isa = PBXBuildFile; fileRef = A3F5207B22DF077E00FE086E /* ViewController.swift */; };
		A3F5207F22DF077E00FE086E /* Main.storyboard in Resources */ = {isa = PBXBuildFile; fileRef = A3F5207D22DF077E00FE086E /* Main.storyboard */; };
		A3F5208122DF078200FE086E /* Assets.xcassets in Resources */ = {isa = PBXBuildFile; fileRef = A3F5208022DF078200FE086E /* Assets.xcassets */; };
		A3F5208422DF078200FE086E /* LaunchScreen.storyboard in Resources */ = {isa = PBXBuildFile; fileRef = A3F5208222DF078200FE086E /* LaunchScreen.storyboard */; };
		A3F5208F22DF0F6500FE086E /* R.generated.swift in Sources */ = {isa = PBXBuildFile; fileRef = A3F5208E22DF0F6400FE086E /* R.generated.swift */; };
/* End PBXBuildFile section */

/* Begin PBXFileReference section */
		20CE7D473F57E0A6FF0743A7 /* Pods_SwiftDemo.framework */ = {isa = PBXFileReference; explicitFileType = wrapper.framework; includeInIndex = 0; path = Pods_SwiftDemo.framework; sourceTree = BUILT_PRODUCTS_DIR; };
		4107D04F24653FA6004C9FF7 /* CustomViewController.swift */ = {isa = PBXFileReference; lastKnownFileType = sourcecode.swift; path = CustomViewController.swift; sourceTree = "<group>"; };
		413A77E4233B4FF600232C41 /* ViewModelType.swift */ = {isa = PBXFileReference; lastKnownFileType = sourcecode.swift; path = ViewModelType.swift; sourceTree = "<group>"; };
		4147F1D62462F03A0013A4F7 /* TestPointerViewController.swift */ = {isa = PBXFileReference; lastKnownFileType = sourcecode.swift; path = TestPointerViewController.swift; sourceTree = "<group>"; };
		4147F1D82463A9920013A4F7 /* TestClass.swift */ = {isa = PBXFileReference; lastKnownFileType = sourcecode.swift; path = TestClass.swift; sourceTree = "<group>"; };
		4148F78D23FE4A2D00068F0E /* TestGestureViewController.swift */ = {isa = PBXFileReference; lastKnownFileType = sourcecode.swift; path = TestGestureViewController.swift; sourceTree = "<group>"; };
		417E126D23E6BAFF002C0CFA /* UIWindow+Ext.swift */ = {isa = PBXFileReference; fileEncoding = 4; lastKnownFileType = sourcecode.swift; path = "UIWindow+Ext.swift"; sourceTree = "<group>"; };
		417E126E23E6BAFF002C0CFA /* UIViewController+Ext.swift */ = {isa = PBXFileReference; fileEncoding = 4; lastKnownFileType = sourcecode.swift; path = "UIViewController+Ext.swift"; sourceTree = "<group>"; };
		417E126F23E6BAFF002C0CFA /* String+Ext.swift */ = {isa = PBXFileReference; fileEncoding = 4; lastKnownFileType = sourcecode.swift; path = "String+Ext.swift"; sourceTree = "<group>"; };
		417E127023E6BAFF002C0CFA /* UIBarButtonItem+Ext.swift */ = {isa = PBXFileReference; fileEncoding = 4; lastKnownFileType = sourcecode.swift; path = "UIBarButtonItem+Ext.swift"; sourceTree = "<group>"; };
		417E127123E6BAFF002C0CFA /* Int+Ext.swift */ = {isa = PBXFileReference; fileEncoding = 4; lastKnownFileType = sourcecode.swift; path = "Int+Ext.swift"; sourceTree = "<group>"; };
		417E127223E6BAFF002C0CFA /* UIColor+Ext.swift */ = {isa = PBXFileReference; fileEncoding = 4; lastKnownFileType = sourcecode.swift; path = "UIColor+Ext.swift"; sourceTree = "<group>"; };
		417E127A23E6BB81002C0CFA /* BaseNavigationController.swift */ = {isa = PBXFileReference; lastKnownFileType = sourcecode.swift; path = BaseNavigationController.swift; sourceTree = "<group>"; };
		417E127D23E6BC1E002C0CFA /* TestNav1ViewController.swift */ = {isa = PBXFileReference; lastKnownFileType = sourcecode.swift; path = TestNav1ViewController.swift; sourceTree = "<group>"; };
		417E127F23E6BC2D002C0CFA /* TestNav2ViewController.swift */ = {isa = PBXFileReference; lastKnownFileType = sourcecode.swift; path = TestNav2ViewController.swift; sourceTree = "<group>"; };
		417E128223E6D035002C0CFA /* NSObject+Ext.swift */ = {isa = PBXFileReference; lastKnownFileType = sourcecode.swift; path = "NSObject+Ext.swift"; sourceTree = "<group>"; };
		417E128523E7BAB0002C0CFA /* TestDismiss1ViewController.swift */ = {isa = PBXFileReference; lastKnownFileType = sourcecode.swift; path = TestDismiss1ViewController.swift; sourceTree = "<group>"; };
		417E128723E7BAC8002C0CFA /* TestDismiss2ViewController.swift */ = {isa = PBXFileReference; lastKnownFileType = sourcecode.swift; path = TestDismiss2ViewController.swift; sourceTree = "<group>"; };
		4198C85E2457CB07000C80B9 /* Test111ViewController.swift */ = {isa = PBXFileReference; lastKnownFileType = sourcecode.swift; path = Test111ViewController.swift; sourceTree = "<group>"; };
		41B4F847234F253E00D6949E /* MeViewController_1.swift */ = {isa = PBXFileReference; lastKnownFileType = sourcecode.swift; path = MeViewController_1.swift; sourceTree = "<group>"; };
		41C0660E23419A8D00515265 /* RentalInfoView.swift */ = {isa = PBXFileReference; lastKnownFileType = sourcecode.swift; path = RentalInfoView.swift; sourceTree = "<group>"; };
		41C0661023419B2100515265 /* CarPickUpInfoView.swift */ = {isa = PBXFileReference; lastKnownFileType = sourcecode.swift; path = CarPickUpInfoView.swift; sourceTree = "<group>"; };
		41C0661223419C1D00515265 /* RentalInfoViewModel.swift */ = {isa = PBXFileReference; lastKnownFileType = sourcecode.swift; path = RentalInfoViewModel.swift; sourceTree = "<group>"; };
		41C0661423419C3400515265 /* CarPickUpInfoViewModel.swift */ = {isa = PBXFileReference; lastKnownFileType = sourcecode.swift; path = CarPickUpInfoViewModel.swift; sourceTree = "<group>"; };
		41CD775B2367EAAB00406A4D /* COBMessagePanel.swift */ = {isa = PBXFileReference; fileEncoding = 4; lastKnownFileType = sourcecode.swift; path = COBMessagePanel.swift; sourceTree = "<group>"; };
		41E3D0732355D0CD007ED50F /* Person.swift */ = {isa = PBXFileReference; lastKnownFileType = sourcecode.swift; path = Person.swift; sourceTree = "<group>"; };
		41E3D0752356B469007ED50F /* Person1.swift */ = {isa = PBXFileReference; lastKnownFileType = sourcecode.swift; path = Person1.swift; sourceTree = "<group>"; };
		41E3D0772356EC7B007ED50F /* Animal.swift */ = {isa = PBXFileReference; lastKnownFileType = sourcecode.swift; path = Animal.swift; sourceTree = "<group>"; };
		41EB580C24A4A0C900E29B9A /* SwiftPerson.swift */ = {isa = PBXFileReference; lastKnownFileType = sourcecode.swift; path = SwiftPerson.swift; sourceTree = "<group>"; };
		41EB580E24A4A0F800E29B9A /* TestRX1ViewController.swift */ = {isa = PBXFileReference; lastKnownFileType = sourcecode.swift; path = TestRX1ViewController.swift; sourceTree = "<group>"; };
		41EB581024A4DA6E00E29B9A /* TestRX2ViewController.swift */ = {isa = PBXFileReference; lastKnownFileType = sourcecode.swift; path = TestRX2ViewController.swift; sourceTree = "<group>"; };
		4A4AE9012474FCBF00065CE4 /* TestProtocolViewController.swift */ = {isa = PBXFileReference; lastKnownFileType = sourcecode.swift; path = TestProtocolViewController.swift; sourceTree = "<group>"; };
		4A4AE9032475005A00065CE4 /* TestProtocol.swift */ = {isa = PBXFileReference; lastKnownFileType = sourcecode.swift; path = TestProtocol.swift; sourceTree = "<group>"; };
		4A64BB7523C5AC1000669056 /* CountDownButton.swift */ = {isa = PBXFileReference; fileEncoding = 4; lastKnownFileType = sourcecode.swift; path = CountDownButton.swift; sourceTree = "<group>"; };
		4A7503A12488BEA60066EC23 /* Timer+Ext.swift */ = {isa = PBXFileReference; lastKnownFileType = sourcecode.swift; path = "Timer+Ext.swift"; sourceTree = "<group>"; };
		4A7518E1246E53330013FF11 /* TestClosureViewController.swift */ = {isa = PBXFileReference; lastKnownFileType = sourcecode.swift; path = TestClosureViewController.swift; sourceTree = "<group>"; };
		4A952E0223C3114E002EC937 /* ReusableView.swift */ = {isa = PBXFileReference; fileEncoding = 4; lastKnownFileType = sourcecode.swift; path = ReusableView.swift; sourceTree = "<group>"; };
		4A9AD3342468FA58002D78FB /* TestIPadViewController.swift */ = {isa = PBXFileReference; lastKnownFileType = sourcecode.swift; path = TestIPadViewController.swift; sourceTree = "<group>"; };
		4ACFE78D24728FEA005C0B83 /* TestSwift_C.h */ = {isa = PBXFileReference; lastKnownFileType = sourcecode.c.h; path = TestSwift_C.h; sourceTree = "<group>"; };
		4ACFE78F247292B6005C0B83 /* SwiftDemo-Bridging-Header.h */ = {isa = PBXFileReference; lastKnownFileType = sourcecode.c.h; path = "SwiftDemo-Bridging-Header.h"; sourceTree = "<group>"; };
		4AD46A7B246B93FB00345EC1 /* TestCFViewController.swift */ = {isa = PBXFileReference; lastKnownFileType = sourcecode.swift; path = TestCFViewController.swift; sourceTree = "<group>"; };
		4AD46A7E246B9EBD00345EC1 /* CFTest.swift */ = {isa = PBXFileReference; lastKnownFileType = sourcecode.swift; path = CFTest.swift; sourceTree = "<group>"; };
		5B4ADBDE09A1ECD4A4524A8C /* Pods-SwiftDemo.debug.xcconfig */ = {isa = PBXFileReference; includeInIndex = 1; lastKnownFileType = text.xcconfig; name = "Pods-SwiftDemo.debug.xcconfig"; path = "Target Support Files/Pods-SwiftDemo/Pods-SwiftDemo.debug.xcconfig"; sourceTree = "<group>"; };
		A3137F9A2329F26200670DB4 /* Utils.swift */ = {isa = PBXFileReference; lastKnownFileType = sourcecode.swift; path = Utils.swift; sourceTree = "<group>"; };
		A31602E323261A1B00A63BC8 /* ThanosGauntletControl.swift */ = {isa = PBXFileReference; lastKnownFileType = sourcecode.swift; path = ThanosGauntletControl.swift; sourceTree = "<group>"; };
		A36F3F0F230691F90028273C /* TestViewController.swift */ = {isa = PBXFileReference; lastKnownFileType = sourcecode.swift; path = TestViewController.swift; sourceTree = "<group>"; };
		A36F3F13230693F20028273C /* thanos_dust_3.mp3 */ = {isa = PBXFileReference; lastKnownFileType = audio.mp3; path = thanos_dust_3.mp3; sourceTree = "<group>"; };
		A36F3F14230693F20028273C /* thanos_reverse_sound.mp3 */ = {isa = PBXFileReference; lastKnownFileType = audio.mp3; path = thanos_reverse_sound.mp3; sourceTree = "<group>"; };
		A36F3F15230693F30028273C /* thanos_dust_6.mp3 */ = {isa = PBXFileReference; lastKnownFileType = audio.mp3; path = thanos_dust_6.mp3; sourceTree = "<group>"; };
		A36F3F16230693F30028273C /* thanos_dust_1.mp3 */ = {isa = PBXFileReference; lastKnownFileType = audio.mp3; path = thanos_dust_1.mp3; sourceTree = "<group>"; };
		A36F3F17230693F30028273C /* thanos_dust_5.mp3 */ = {isa = PBXFileReference; lastKnownFileType = audio.mp3; path = thanos_dust_5.mp3; sourceTree = "<group>"; };
		A36F3F18230693F30028273C /* thanos_snap_sound.mp3 */ = {isa = PBXFileReference; lastKnownFileType = audio.mp3; path = thanos_snap_sound.mp3; sourceTree = "<group>"; };
		A36F3F19230693F30028273C /* thanos_dust_4.mp3 */ = {isa = PBXFileReference; lastKnownFileType = audio.mp3; path = thanos_dust_4.mp3; sourceTree = "<group>"; };
		A36F3F1A230693F30028273C /* thanos_dust_2.mp3 */ = {isa = PBXFileReference; lastKnownFileType = audio.mp3; path = thanos_dust_2.mp3; sourceTree = "<group>"; };
		A36F3F24230695AB0028273C /* UIView+Extensions.swift */ = {isa = PBXFileReference; lastKnownFileType = sourcecode.swift; path = "UIView+Extensions.swift"; sourceTree = "<group>"; };
		A36F3F2823069B400028273C /* DustEffectView.swift */ = {isa = PBXFileReference; lastKnownFileType = sourcecode.swift; path = DustEffectView.swift; sourceTree = "<group>"; };
		A36F3F2B23069D0E0028273C /* AnimatableSpriteLayer.swift */ = {isa = PBXFileReference; lastKnownFileType = sourcecode.swift; path = AnimatableSpriteLayer.swift; sourceTree = "<group>"; };
		A37C70CC231FC05F00CDF6B8 /* PlayVideoViewController.swift */ = {isa = PBXFileReference; lastKnownFileType = sourcecode.swift; path = PlayVideoViewController.swift; sourceTree = "<group>"; };
		A37C70CE231FC45A00CDF6B8 /* Me.storyboard */ = {isa = PBXFileReference; lastKnownFileType = file.storyboard; path = Me.storyboard; sourceTree = "<group>"; };
		A37C70D0231FC63900CDF6B8 /* MeViewController.swift */ = {isa = PBXFileReference; lastKnownFileType = sourcecode.swift; path = MeViewController.swift; sourceTree = "<group>"; };
		A3A4C881232230F200021936 /* RecordVideoViewController.swift */ = {isa = PBXFileReference; lastKnownFileType = sourcecode.swift; path = RecordVideoViewController.swift; sourceTree = "<group>"; };
		A3A4C8832322390600021936 /* MergeVideoViewController.swift */ = {isa = PBXFileReference; lastKnownFileType = sourcecode.swift; path = MergeVideoViewController.swift; sourceTree = "<group>"; };
		A3A4C88523223DF400021936 /* VideoHelper.swift */ = {isa = PBXFileReference; lastKnownFileType = sourcecode.swift; path = VideoHelper.swift; sourceTree = "<group>"; };
		A3E8597F433C02DFBD724947 /* Pods-SwiftDemo.release.xcconfig */ = {isa = PBXFileReference; includeInIndex = 1; lastKnownFileType = text.xcconfig; name = "Pods-SwiftDemo.release.xcconfig"; path = "Target Support Files/Pods-SwiftDemo/Pods-SwiftDemo.release.xcconfig"; sourceTree = "<group>"; };
		A3F5207622DF077E00FE086E /* SwiftDemo.app */ = {isa = PBXFileReference; explicitFileType = wrapper.application; includeInIndex = 0; path = SwiftDemo.app; sourceTree = BUILT_PRODUCTS_DIR; };
		A3F5207922DF077E00FE086E /* AppDelegate.swift */ = {isa = PBXFileReference; lastKnownFileType = sourcecode.swift; path = AppDelegate.swift; sourceTree = "<group>"; };
		A3F5207B22DF077E00FE086E /* ViewController.swift */ = {isa = PBXFileReference; lastKnownFileType = sourcecode.swift; path = ViewController.swift; sourceTree = "<group>"; };
		A3F5207E22DF077E00FE086E /* Base */ = {isa = PBXFileReference; lastKnownFileType = file.storyboard; name = Base; path = Base.lproj/Main.storyboard; sourceTree = "<group>"; };
		A3F5208022DF078200FE086E /* Assets.xcassets */ = {isa = PBXFileReference; lastKnownFileType = folder.assetcatalog; path = Assets.xcassets; sourceTree = "<group>"; };
		A3F5208322DF078200FE086E /* Base */ = {isa = PBXFileReference; lastKnownFileType = file.storyboard; name = Base; path = Base.lproj/LaunchScreen.storyboard; sourceTree = "<group>"; };
		A3F5208522DF078200FE086E /* Info.plist */ = {isa = PBXFileReference; lastKnownFileType = text.plist.xml; path = Info.plist; sourceTree = "<group>"; };
		A3F5208E22DF0F6400FE086E /* R.generated.swift */ = {isa = PBXFileReference; fileEncoding = 4; lastKnownFileType = sourcecode.swift; path = R.generated.swift; sourceTree = SOURCE_ROOT; };
/* End PBXFileReference section */

/* Begin PBXFrameworksBuildPhase section */
		A3F5207322DF077E00FE086E /* Frameworks */ = {
			isa = PBXFrameworksBuildPhase;
			buildActionMask = 2147483647;
			files = (
				08F9BD98B952D5FE16981316 /* Pods_SwiftDemo.framework in Frameworks */,
			);
			runOnlyForDeploymentPostprocessing = 0;
		};
/* End PBXFrameworksBuildPhase section */

/* Begin PBXGroup section */
		088DBAAC0467EFC09F3EEB6E /* Frameworks */ = {
			isa = PBXGroup;
			children = (
				20CE7D473F57E0A6FF0743A7 /* Pods_SwiftDemo.framework */,
			);
			name = Frameworks;
			sourceTree = "<group>";
		};
		413A77E3233B4FDB00232C41 /* Common */ = {
			isa = PBXGroup;
			children = (
				4A64BB7523C5AC1000669056 /* CountDownButton.swift */,
				413A77E4233B4FF600232C41 /* ViewModelType.swift */,
				4107D04F24653FA6004C9FF7 /* CustomViewController.swift */,
			);
			path = Common;
			sourceTree = "<group>";
		};
		4148F78C23FE4A0500068F0E /* TestGesture */ = {
			isa = PBXGroup;
			children = (
				4148F78D23FE4A2D00068F0E /* TestGestureViewController.swift */,
			);
			path = TestGesture;
			sourceTree = "<group>";
		};
		417E127923E6BB62002C0CFA /* Base */ = {
			isa = PBXGroup;
			children = (
				417E127A23E6BB81002C0CFA /* BaseNavigationController.swift */,
			);
			path = Base;
			sourceTree = "<group>";
		};
		417E127C23E6BBCF002C0CFA /* ==TestNav== */ = {
			isa = PBXGroup;
			children = (
				417E127D23E6BC1E002C0CFA /* TestNav1ViewController.swift */,
				417E127F23E6BC2D002C0CFA /* TestNav2ViewController.swift */,
			);
			path = "==TestNav==";
			sourceTree = "<group>";
		};
		417E128423E7BA8C002C0CFA /* ==TestDismiss== */ = {
			isa = PBXGroup;
			children = (
				417E128523E7BAB0002C0CFA /* TestDismiss1ViewController.swift */,
				417E128723E7BAC8002C0CFA /* TestDismiss2ViewController.swift */,
			);
			path = "==TestDismiss==";
			sourceTree = "<group>";
		};
		41C06602233DBB2700515265 /* MHP */ = {
			isa = PBXGroup;
			children = (
				41C0660D23419A7600515265 /* Views */,
				41C0660C2341967300515265 /* ViewModels */,
			);
			path = MHP;
			sourceTree = "<group>";
		};
		41C0660C2341967300515265 /* ViewModels */ = {
			isa = PBXGroup;
			children = (
				41C0661223419C1D00515265 /* RentalInfoViewModel.swift */,
				41C0661423419C3400515265 /* CarPickUpInfoViewModel.swift */,
			);
			path = ViewModels;
			sourceTree = "<group>";
		};
		41C0660D23419A7600515265 /* Views */ = {
			isa = PBXGroup;
			children = (
				41C0660E23419A8D00515265 /* RentalInfoView.swift */,
				41C0661023419B2100515265 /* CarPickUpInfoView.swift */,
			);
			path = Views;
			sourceTree = "<group>";
		};
		41E3D0702355D045007ED50F /* Models */ = {
			isa = PBXGroup;
			children = (
				41E3D0732355D0CD007ED50F /* Person.swift */,
				41E3D0752356B469007ED50F /* Person1.swift */,
				41E3D0772356EC7B007ED50F /* Animal.swift */,
			);
			path = Models;
			sourceTree = "<group>";
		};
		41EB580B24A49EA700E29B9A /* RxSwiftDemo */ = {
			isa = PBXGroup;
			children = (
				41EB580C24A4A0C900E29B9A /* SwiftPerson.swift */,
				41EB580E24A4A0F800E29B9A /* TestRX1ViewController.swift */,
				41EB581024A4DA6E00E29B9A /* TestRX2ViewController.swift */,
			);
			path = RxSwiftDemo;
			sourceTree = "<group>";
		};
		4A952E0123C3114E002EC937 /* Protocols */ = {
			isa = PBXGroup;
			children = (
				4A952E0223C3114E002EC937 /* ReusableView.swift */,
			);
			path = Protocols;
			sourceTree = "<group>";
		};
		A3137F992329F23800670DB4 /* Utils */ = {
			isa = PBXGroup;
			children = (
				A3137F9A2329F26200670DB4 /* Utils.swift */,
			);
			path = Utils;
			sourceTree = "<group>";
		};
		A31602E22325F25000A63BC8 /* ThanosGauntlet */ = {
			isa = PBXGroup;
			children = (
				A31602E323261A1B00A63BC8 /* ThanosGauntletControl.swift */,
			);
			path = ThanosGauntlet;
			sourceTree = "<group>";
		};
		A36F3F11230693D80028273C /* Resources */ = {
			isa = PBXGroup;
			children = (
				A36F3F12230693E20028273C /* Sounds */,
			);
			path = Resources;
			sourceTree = "<group>";
		};
		A36F3F12230693E20028273C /* Sounds */ = {
			isa = PBXGroup;
			children = (
				A36F3F16230693F30028273C /* thanos_dust_1.mp3 */,
				A36F3F1A230693F30028273C /* thanos_dust_2.mp3 */,
				A36F3F13230693F20028273C /* thanos_dust_3.mp3 */,
				A36F3F19230693F30028273C /* thanos_dust_4.mp3 */,
				A36F3F17230693F30028273C /* thanos_dust_5.mp3 */,
				A36F3F15230693F30028273C /* thanos_dust_6.mp3 */,
				A36F3F14230693F20028273C /* thanos_reverse_sound.mp3 */,
				A36F3F18230693F30028273C /* thanos_snap_sound.mp3 */,
			);
			path = Sounds;
			sourceTree = "<group>";
		};
		A36F3F232306950B0028273C /* Extensions */ = {
			isa = PBXGroup;
			children = (
				417E127123E6BAFF002C0CFA /* Int+Ext.swift */,
				417E126F23E6BAFF002C0CFA /* String+Ext.swift */,
				417E127023E6BAFF002C0CFA /* UIBarButtonItem+Ext.swift */,
				417E127223E6BAFF002C0CFA /* UIColor+Ext.swift */,
				417E126E23E6BAFF002C0CFA /* UIViewController+Ext.swift */,
				417E126D23E6BAFF002C0CFA /* UIWindow+Ext.swift */,
				A36F3F24230695AB0028273C /* UIView+Extensions.swift */,
				417E128223E6D035002C0CFA /* NSObject+Ext.swift */,
				4A7503A12488BEA60066EC23 /* Timer+Ext.swift */,
			);
			path = Extensions;
			sourceTree = "<group>";
		};
		A36F3F2723069B2A0028273C /* DustEffectView */ = {
			isa = PBXGroup;
			children = (
				A36F3F2823069B400028273C /* DustEffectView.swift */,
			);
			path = DustEffectView;
			sourceTree = "<group>";
		};
		A36F3F2A23069CE80028273C /* AnimatableSpriteLayer */ = {
			isa = PBXGroup;
			children = (
				A36F3F2B23069D0E0028273C /* AnimatableSpriteLayer.swift */,
			);
			path = AnimatableSpriteLayer;
			sourceTree = "<group>";
		};
		A37C70CB231FBCF000CDF6B8 /* 视频 */ = {
			isa = PBXGroup;
			children = (
				A37C70CC231FC05F00CDF6B8 /* PlayVideoViewController.swift */,
				A3A4C881232230F200021936 /* RecordVideoViewController.swift */,
				A3A4C8832322390600021936 /* MergeVideoViewController.swift */,
				A3A4C88523223DF400021936 /* VideoHelper.swift */,
			);
			path = "视频";
			sourceTree = "<group>";
		};
		A3F5206D22DF077E00FE086E = {
			isa = PBXGroup;
			children = (
				A3F5207822DF077E00FE086E /* SwiftDemo */,
				A3F5207722DF077E00FE086E /* Products */,
				BC06D8BE87A44DAD0A035C68 /* Pods */,
				088DBAAC0467EFC09F3EEB6E /* Frameworks */,
			);
			sourceTree = "<group>";
		};
		A3F5207722DF077E00FE086E /* Products */ = {
			isa = PBXGroup;
			children = (
				A3F5207622DF077E00FE086E /* SwiftDemo.app */,
			);
			name = Products;
			sourceTree = "<group>";
		};
		A3F5207822DF077E00FE086E /* SwiftDemo */ = {
			isa = PBXGroup;
			children = (
				41EB580B24A49EA700E29B9A /* RxSwiftDemo */,
				4A952E0123C3114E002EC937 /* Protocols */,
				4148F78C23FE4A0500068F0E /* TestGesture */,
				417E128423E7BA8C002C0CFA /* ==TestDismiss== */,
				417E127C23E6BBCF002C0CFA /* ==TestNav== */,
				417E127923E6BB62002C0CFA /* Base */,
				41E3D0702355D045007ED50F /* Models */,
				41C06602233DBB2700515265 /* MHP */,
				413A77E3233B4FDB00232C41 /* Common */,
				A3137F992329F23800670DB4 /* Utils */,
				A37C70CB231FBCF000CDF6B8 /* 视频 */,
				A36F3F2A23069CE80028273C /* AnimatableSpriteLayer */,
				A31602E22325F25000A63BC8 /* ThanosGauntlet */,
				A36F3F2723069B2A0028273C /* DustEffectView */,
				A36F3F232306950B0028273C /* Extensions */,
				A36F3F11230693D80028273C /* Resources */,
				A3F5208E22DF0F6400FE086E /* R.generated.swift */,
				A3F5207922DF077E00FE086E /* AppDelegate.swift */,
				A3F5207B22DF077E00FE086E /* ViewController.swift */,
				A3F5207D22DF077E00FE086E /* Main.storyboard */,
				A3F5208022DF078200FE086E /* Assets.xcassets */,
				A3F5208222DF078200FE086E /* LaunchScreen.storyboard */,
				A3F5208522DF078200FE086E /* Info.plist */,
				A36F3F0F230691F90028273C /* TestViewController.swift */,
				A37C70CE231FC45A00CDF6B8 /* Me.storyboard */,
				A37C70D0231FC63900CDF6B8 /* MeViewController.swift */,
				41B4F847234F253E00D6949E /* MeViewController_1.swift */,
				41CD775B2367EAAB00406A4D /* COBMessagePanel.swift */,
				4198C85E2457CB07000C80B9 /* Test111ViewController.swift */,
				4147F1D62462F03A0013A4F7 /* TestPointerViewController.swift */,
				4147F1D82463A9920013A4F7 /* TestClass.swift */,
				4A9AD3342468FA58002D78FB /* TestIPadViewController.swift */,
				4AD46A7B246B93FB00345EC1 /* TestCFViewController.swift */,
				4AD46A7E246B9EBD00345EC1 /* CFTest.swift */,
				4A7518E1246E53330013FF11 /* TestClosureViewController.swift */,
				4ACFE78D24728FEA005C0B83 /* TestSwift_C.h */,
				4ACFE78F247292B6005C0B83 /* SwiftDemo-Bridging-Header.h */,
				4A4AE9012474FCBF00065CE4 /* TestProtocolViewController.swift */,
				4A4AE9032475005A00065CE4 /* TestProtocol.swift */,
			);
			path = SwiftDemo;
			sourceTree = "<group>";
		};
		BC06D8BE87A44DAD0A035C68 /* Pods */ = {
			isa = PBXGroup;
			children = (
				5B4ADBDE09A1ECD4A4524A8C /* Pods-SwiftDemo.debug.xcconfig */,
				A3E8597F433C02DFBD724947 /* Pods-SwiftDemo.release.xcconfig */,
			);
			path = Pods;
			sourceTree = "<group>";
		};
/* End PBXGroup section */

/* Begin PBXNativeTarget section */
		A3F5207522DF077E00FE086E /* SwiftDemo */ = {
			isa = PBXNativeTarget;
			buildConfigurationList = A3F5208822DF078200FE086E /* Build configuration list for PBXNativeTarget "SwiftDemo" */;
			buildPhases = (
				41C0EB6B9F4768646D0B8819 /* [CP] Check Pods Manifest.lock */,
				A3F5208C22DF0A1C00FE086E /* [R.Swift] */,
				A3F5207222DF077E00FE086E /* Sources */,
				A3F5207322DF077E00FE086E /* Frameworks */,
				A3F5207422DF077E00FE086E /* Resources */,
				165ED56535FDD4F0A956D169 /* [CP] Embed Pods Frameworks */,
			);
			buildRules = (
			);
			dependencies = (
			);
			name = SwiftDemo;
			productName = SwiftDemo;
			productReference = A3F5207622DF077E00FE086E /* SwiftDemo.app */;
			productType = "com.apple.product-type.application";
		};
/* End PBXNativeTarget section */

/* Begin PBXProject section */
		A3F5206E22DF077E00FE086E /* Project object */ = {
			isa = PBXProject;
			attributes = {
				LastSwiftUpdateCheck = 1020;
				LastUpgradeCheck = 1020;
				ORGANIZATIONNAME = dzcx;
				TargetAttributes = {
					A3F5207522DF077E00FE086E = {
						CreatedOnToolsVersion = 10.2.1;
						LastSwiftMigration = 1140;
					};
				};
			};
			buildConfigurationList = A3F5207122DF077E00FE086E /* Build configuration list for PBXProject "SwiftDemo" */;
			compatibilityVersion = "Xcode 9.3";
			developmentRegion = en;
			hasScannedForEncodings = 0;
			knownRegions = (
				en,
				Base,
			);
			mainGroup = A3F5206D22DF077E00FE086E;
			productRefGroup = A3F5207722DF077E00FE086E /* Products */;
			projectDirPath = "";
			projectRoot = "";
			targets = (
				A3F5207522DF077E00FE086E /* SwiftDemo */,
			);
		};
/* End PBXProject section */

/* Begin PBXResourcesBuildPhase section */
		A3F5207422DF077E00FE086E /* Resources */ = {
			isa = PBXResourcesBuildPhase;
			buildActionMask = 2147483647;
			files = (
				A36F3F20230693F30028273C /* thanos_snap_sound.mp3 in Resources */,
				A36F3F1C230693F30028273C /* thanos_reverse_sound.mp3 in Resources */,
				A37C70CF231FC45A00CDF6B8 /* Me.storyboard in Resources */,
				A3F5208422DF078200FE086E /* LaunchScreen.storyboard in Resources */,
				A36F3F1E230693F30028273C /* thanos_dust_1.mp3 in Resources */,
				A36F3F22230693F30028273C /* thanos_dust_2.mp3 in Resources */,
				A36F3F1B230693F30028273C /* thanos_dust_3.mp3 in Resources */,
				A3F5208122DF078200FE086E /* Assets.xcassets in Resources */,
				A36F3F1D230693F30028273C /* thanos_dust_6.mp3 in Resources */,
				A3F5207F22DF077E00FE086E /* Main.storyboard in Resources */,
				A36F3F21230693F30028273C /* thanos_dust_4.mp3 in Resources */,
				A36F3F1F230693F30028273C /* thanos_dust_5.mp3 in Resources */,
			);
			runOnlyForDeploymentPostprocessing = 0;
		};
/* End PBXResourcesBuildPhase section */

/* Begin PBXShellScriptBuildPhase section */
		165ED56535FDD4F0A956D169 /* [CP] Embed Pods Frameworks */ = {
			isa = PBXShellScriptBuildPhase;
			buildActionMask = 2147483647;
			files = (
			);
			inputFileListPaths = (
				"${PODS_ROOT}/Target Support Files/Pods-SwiftDemo/Pods-SwiftDemo-frameworks-${CONFIGURATION}-input-files.xcfilelist",
			);
			name = "[CP] Embed Pods Frameworks";
			outputFileListPaths = (
				"${PODS_ROOT}/Target Support Files/Pods-SwiftDemo/Pods-SwiftDemo-frameworks-${CONFIGURATION}-output-files.xcfilelist",
			);
			runOnlyForDeploymentPostprocessing = 0;
			shellPath = /bin/sh;
			shellScript = "\"${PODS_ROOT}/Target Support Files/Pods-SwiftDemo/Pods-SwiftDemo-frameworks.sh\"\n";
			showEnvVarsInLog = 0;
		};
		41C0EB6B9F4768646D0B8819 /* [CP] Check Pods Manifest.lock */ = {
			isa = PBXShellScriptBuildPhase;
			buildActionMask = 2147483647;
			files = (
			);
			inputFileListPaths = (
			);
			inputPaths = (
				"${PODS_PODFILE_DIR_PATH}/Podfile.lock",
				"${PODS_ROOT}/Manifest.lock",
			);
			name = "[CP] Check Pods Manifest.lock";
			outputFileListPaths = (
			);
			outputPaths = (
				"$(DERIVED_FILE_DIR)/Pods-SwiftDemo-checkManifestLockResult.txt",
			);
			runOnlyForDeploymentPostprocessing = 0;
			shellPath = /bin/sh;
			shellScript = "diff \"${PODS_PODFILE_DIR_PATH}/Podfile.lock\" \"${PODS_ROOT}/Manifest.lock\" > /dev/null\nif [ $? != 0 ] ; then\n    # print error to STDERR\n    echo \"error: The sandbox is not in sync with the Podfile.lock. Run 'pod install' or update your CocoaPods installation.\" >&2\n    exit 1\nfi\n# This output is used by Xcode 'outputs' to avoid re-running this script phase.\necho \"SUCCESS\" > \"${SCRIPT_OUTPUT_FILE_0}\"\n";
			showEnvVarsInLog = 0;
		};
		A3F5208C22DF0A1C00FE086E /* [R.Swift] */ = {
			isa = PBXShellScriptBuildPhase;
			buildActionMask = 2147483647;
			files = (
			);
			inputFileListPaths = (
			);
			inputPaths = (
				"$TEMP_DIR/rswift-lastrun",
			);
			name = "[R.Swift]";
			outputFileListPaths = (
			);
			outputPaths = (
				$SRCROOT/R.generated.swift,
			);
			runOnlyForDeploymentPostprocessing = 0;
			shellPath = /bin/sh;
			shellScript = "\"$PODS_ROOT/R.swift/rswift\" generate \"$SRCROOT/R.generated.swift\"\n\n";
		};
/* End PBXShellScriptBuildPhase section */

/* Begin PBXSourcesBuildPhase section */
		A3F5207222DF077E00FE086E /* Sources */ = {
			isa = PBXSourcesBuildPhase;
			buildActionMask = 2147483647;
			files = (
				A37C70D1231FC63900CDF6B8 /* MeViewController.swift in Sources */,
				4AD46A7C246B93FB00345EC1 /* TestCFViewController.swift in Sources */,
				41B4F848234F253E00D6949E /* MeViewController_1.swift in Sources */,
				A3A4C882232230F200021936 /* RecordVideoViewController.swift in Sources */,
				41E3D0742355D0CD007ED50F /* Person.swift in Sources */,
				A3F5207C22DF077E00FE086E /* ViewController.swift in Sources */,
				A3137F9B2329F26200670DB4 /* Utils.swift in Sources */,
				4A4AE9042475005A00065CE4 /* TestProtocol.swift in Sources */,
				417E127323E6BAFF002C0CFA /* UIWindow+Ext.swift in Sources */,
				417E127723E6BAFF002C0CFA /* Int+Ext.swift in Sources */,
				41E3D0762356B469007ED50F /* Person1.swift in Sources */,
				A3A4C88623223DF400021936 /* VideoHelper.swift in Sources */,
				4AD46A7F246B9EBD00345EC1 /* CFTest.swift in Sources */,
				417E127523E6BAFF002C0CFA /* String+Ext.swift in Sources */,
				417E127623E6BAFF002C0CFA /* UIBarButtonItem+Ext.swift in Sources */,
				417E127E23E6BC1E002C0CFA /* TestNav1ViewController.swift in Sources */,
				4107D05024653FA6004C9FF7 /* CustomViewController.swift in Sources */,
				A3F5207A22DF077E00FE086E /* AppDelegate.swift in Sources */,
				41CD775C2367EAAB00406A4D /* COBMessagePanel.swift in Sources */,
				417E128323E6D035002C0CFA /* NSObject+Ext.swift in Sources */,
				41EB580F24A4A0F800E29B9A /* TestRX1ViewController.swift in Sources */,
				41C0661523419C3400515265 /* CarPickUpInfoViewModel.swift in Sources */,
				4A952E0323C3114E002EC937 /* ReusableView.swift in Sources */,
				A36F3F25230695AB0028273C /* UIView+Extensions.swift in Sources */,
				4A7518E2246E53330013FF11 /* TestClosureViewController.swift in Sources */,
				417E128623E7BAB0002C0CFA /* TestDismiss1ViewController.swift in Sources */,
				4A4AE9022474FCBF00065CE4 /* TestProtocolViewController.swift in Sources */,
				A36F3F2923069B400028273C /* DustEffectView.swift in Sources */,
				417E127423E6BAFF002C0CFA /* UIViewController+Ext.swift in Sources */,
				41C0661123419B2100515265 /* CarPickUpInfoView.swift in Sources */,
				41EB580D24A4A0C900E29B9A /* SwiftPerson.swift in Sources */,
				41EB581124A4DA6E00E29B9A /* TestRX2ViewController.swift in Sources */,
				41C0660F23419A8D00515265 /* RentalInfoView.swift in Sources */,
				A37C70CD231FC05F00CDF6B8 /* PlayVideoViewController.swift in Sources */,
				4147F1D92463A9920013A4F7 /* TestClass.swift in Sources */,
				A36F3F10230691F90028273C /* TestViewController.swift in Sources */,
				A3A4C8842322390600021936 /* MergeVideoViewController.swift in Sources */,
				41E3D0782356EC7B007ED50F /* Animal.swift in Sources */,
				4A7503A22488BEA60066EC23 /* Timer+Ext.swift in Sources */,
				4A9AD3352468FA58002D78FB /* TestIPadViewController.swift in Sources */,
				413A77E5233B4FF600232C41 /* ViewModelType.swift in Sources */,
				4148F78E23FE4A2D00068F0E /* TestGestureViewController.swift in Sources */,
				417E128823E7BAC8002C0CFA /* TestDismiss2ViewController.swift in Sources */,
				A36F3F2C23069D0E0028273C /* AnimatableSpriteLayer.swift in Sources */,
				417E128023E6BC2D002C0CFA /* TestNav2ViewController.swift in Sources */,
				A3F5208F22DF0F6500FE086E /* R.generated.swift in Sources */,
				417E127B23E6BB81002C0CFA /* BaseNavigationController.swift in Sources */,
				4147F1D72462F03A0013A4F7 /* TestPointerViewController.swift in Sources */,
				417E127823E6BAFF002C0CFA /* UIColor+Ext.swift in Sources */,
				41C0661323419C1D00515265 /* RentalInfoViewModel.swift in Sources */,
				4198C85F2457CB08000C80B9 /* Test111ViewController.swift in Sources */,
				A31602E423261A1B00A63BC8 /* ThanosGauntletControl.swift in Sources */,
				4A64BB7623C5AC1000669056 /* CountDownButton.swift in Sources */,
			);
			runOnlyForDeploymentPostprocessing = 0;
		};
/* End PBXSourcesBuildPhase section */

/* Begin PBXVariantGroup section */
		A3F5207D22DF077E00FE086E /* Main.storyboard */ = {
			isa = PBXVariantGroup;
			children = (
				A3F5207E22DF077E00FE086E /* Base */,
			);
			name = Main.storyboard;
			sourceTree = "<group>";
		};
		A3F5208222DF078200FE086E /* LaunchScreen.storyboard */ = {
			isa = PBXVariantGroup;
			children = (
				A3F5208322DF078200FE086E /* Base */,
			);
			name = LaunchScreen.storyboard;
			sourceTree = "<group>";
		};
/* End PBXVariantGroup section */

/* Begin XCBuildConfiguration section */
		A3F5208622DF078200FE086E /* Debug */ = {
			isa = XCBuildConfiguration;
			buildSettings = {
				ALWAYS_SEARCH_USER_PATHS = NO;
				CLANG_ANALYZER_NONNULL = YES;
				CLANG_ANALYZER_NUMBER_OBJECT_CONVERSION = YES_AGGRESSIVE;
				CLANG_CXX_LANGUAGE_STANDARD = "gnu++14";
				CLANG_CXX_LIBRARY = "libc++";
				CLANG_ENABLE_MODULES = YES;
				CLANG_ENABLE_OBJC_ARC = YES;
				CLANG_ENABLE_OBJC_WEAK = YES;
				CLANG_WARN_BLOCK_CAPTURE_AUTORELEASING = YES;
				CLANG_WARN_BOOL_CONVERSION = YES;
				CLANG_WARN_COMMA = YES;
				CLANG_WARN_CONSTANT_CONVERSION = YES;
				CLANG_WARN_DEPRECATED_OBJC_IMPLEMENTATIONS = YES;
				CLANG_WARN_DIRECT_OBJC_ISA_USAGE = YES_ERROR;
				CLANG_WARN_DOCUMENTATION_COMMENTS = YES;
				CLANG_WARN_EMPTY_BODY = YES;
				CLANG_WARN_ENUM_CONVERSION = YES;
				CLANG_WARN_INFINITE_RECURSION = YES;
				CLANG_WARN_INT_CONVERSION = YES;
				CLANG_WARN_NON_LITERAL_NULL_CONVERSION = YES;
				CLANG_WARN_OBJC_IMPLICIT_RETAIN_SELF = YES;
				CLANG_WARN_OBJC_LITERAL_CONVERSION = YES;
				CLANG_WARN_OBJC_ROOT_CLASS = YES_ERROR;
				CLANG_WARN_RANGE_LOOP_ANALYSIS = YES;
				CLANG_WARN_STRICT_PROTOTYPES = YES;
				CLANG_WARN_SUSPICIOUS_MOVE = YES;
				CLANG_WARN_UNGUARDED_AVAILABILITY = YES_AGGRESSIVE;
				CLANG_WARN_UNREACHABLE_CODE = YES;
				CLANG_WARN__DUPLICATE_METHOD_MATCH = YES;
				CODE_SIGN_IDENTITY = "iPhone Developer";
				COPY_PHASE_STRIP = NO;
				DEBUG_INFORMATION_FORMAT = dwarf;
				ENABLE_STRICT_OBJC_MSGSEND = YES;
				ENABLE_TESTABILITY = YES;
				GCC_C_LANGUAGE_STANDARD = gnu11;
				GCC_DYNAMIC_NO_PIC = NO;
				GCC_NO_COMMON_BLOCKS = YES;
				GCC_OPTIMIZATION_LEVEL = 0;
				GCC_PREPROCESSOR_DEFINITIONS = (
					"DEBUG=1",
					"$(inherited)",
				);
				GCC_WARN_64_TO_32_BIT_CONVERSION = YES;
				GCC_WARN_ABOUT_RETURN_TYPE = YES_ERROR;
				GCC_WARN_UNDECLARED_SELECTOR = YES;
				GCC_WARN_UNINITIALIZED_AUTOS = YES_AGGRESSIVE;
				GCC_WARN_UNUSED_FUNCTION = YES;
				GCC_WARN_UNUSED_VARIABLE = YES;
				IPHONEOS_DEPLOYMENT_TARGET = 12.2;
				MTL_ENABLE_DEBUG_INFO = INCLUDE_SOURCE;
				MTL_FAST_MATH = YES;
				ONLY_ACTIVE_ARCH = YES;
				SDKROOT = iphoneos;
				SWIFT_ACTIVE_COMPILATION_CONDITIONS = DEBUG;
				SWIFT_OPTIMIZATION_LEVEL = "-Onone";
			};
			name = Debug;
		};
		A3F5208722DF078200FE086E /* Release */ = {
			isa = XCBuildConfiguration;
			buildSettings = {
				ALWAYS_SEARCH_USER_PATHS = NO;
				CLANG_ANALYZER_NONNULL = YES;
				CLANG_ANALYZER_NUMBER_OBJECT_CONVERSION = YES_AGGRESSIVE;
				CLANG_CXX_LANGUAGE_STANDARD = "gnu++14";
				CLANG_CXX_LIBRARY = "libc++";
				CLANG_ENABLE_MODULES = YES;
				CLANG_ENABLE_OBJC_ARC = YES;
				CLANG_ENABLE_OBJC_WEAK = YES;
				CLANG_WARN_BLOCK_CAPTURE_AUTORELEASING = YES;
				CLANG_WARN_BOOL_CONVERSION = YES;
				CLANG_WARN_COMMA = YES;
				CLANG_WARN_CONSTANT_CONVERSION = YES;
				CLANG_WARN_DEPRECATED_OBJC_IMPLEMENTATIONS = YES;
				CLANG_WARN_DIRECT_OBJC_ISA_USAGE = YES_ERROR;
				CLANG_WARN_DOCUMENTATION_COMMENTS = YES;
				CLANG_WARN_EMPTY_BODY = YES;
				CLANG_WARN_ENUM_CONVERSION = YES;
				CLANG_WARN_INFINITE_RECURSION = YES;
				CLANG_WARN_INT_CONVERSION = YES;
				CLANG_WARN_NON_LITERAL_NULL_CONVERSION = YES;
				CLANG_WARN_OBJC_IMPLICIT_RETAIN_SELF = YES;
				CLANG_WARN_OBJC_LITERAL_CONVERSION = YES;
				CLANG_WARN_OBJC_ROOT_CLASS = YES_ERROR;
				CLANG_WARN_RANGE_LOOP_ANALYSIS = YES;
				CLANG_WARN_STRICT_PROTOTYPES = YES;
				CLANG_WARN_SUSPICIOUS_MOVE = YES;
				CLANG_WARN_UNGUARDED_AVAILABILITY = YES_AGGRESSIVE;
				CLANG_WARN_UNREACHABLE_CODE = YES;
				CLANG_WARN__DUPLICATE_METHOD_MATCH = YES;
				CODE_SIGN_IDENTITY = "iPhone Developer";
				COPY_PHASE_STRIP = NO;
				DEBUG_INFORMATION_FORMAT = "dwarf-with-dsym";
				ENABLE_NS_ASSERTIONS = NO;
				ENABLE_STRICT_OBJC_MSGSEND = YES;
				GCC_C_LANGUAGE_STANDARD = gnu11;
				GCC_NO_COMMON_BLOCKS = YES;
				GCC_WARN_64_TO_32_BIT_CONVERSION = YES;
				GCC_WARN_ABOUT_RETURN_TYPE = YES_ERROR;
				GCC_WARN_UNDECLARED_SELECTOR = YES;
				GCC_WARN_UNINITIALIZED_AUTOS = YES_AGGRESSIVE;
				GCC_WARN_UNUSED_FUNCTION = YES;
				GCC_WARN_UNUSED_VARIABLE = YES;
				IPHONEOS_DEPLOYMENT_TARGET = 12.2;
				MTL_ENABLE_DEBUG_INFO = NO;
				MTL_FAST_MATH = YES;
				SDKROOT = iphoneos;
				SWIFT_COMPILATION_MODE = wholemodule;
				SWIFT_OPTIMIZATION_LEVEL = "-O";
				VALIDATE_PRODUCT = YES;
			};
			name = Release;
		};
		A3F5208922DF078200FE086E /* Debug */ = {
			isa = XCBuildConfiguration;
			baseConfigurationReference = 5B4ADBDE09A1ECD4A4524A8C /* Pods-SwiftDemo.debug.xcconfig */;
			buildSettings = {
				ASSETCATALOG_COMPILER_APPICON_NAME = AppIcon;
				CLANG_ENABLE_MODULES = YES;
				CODE_SIGN_IDENTITY = "Apple Development";
				CODE_SIGN_STYLE = Automatic;
				DEVELOPMENT_TEAM = N82WKSN6R7;
				INFOPLIST_FILE = SwiftDemo/Info.plist;
				IPHONEOS_DEPLOYMENT_TARGET = 9.0;
				LD_RUNPATH_SEARCH_PATHS = (
					"$(inherited)",
					"@executable_path/Frameworks",
				);
				PRODUCT_BUNDLE_IDENTIFIER = com.dzcx.SwiftDemo;
				PRODUCT_NAME = "$(TARGET_NAME)";
				PROVISIONING_PROFILE_SPECIFIER = "";
				SWIFT_OBJC_BRIDGING_HEADER = "SwiftDemo/SwiftDemo-Bridging-Header.h";
				SWIFT_OPTIMIZATION_LEVEL = "-Onone";
				SWIFT_VERSION = 5.0;
				TARGETED_DEVICE_FAMILY = "1,2";
			};
			name = Debug;
		};
		A3F5208A22DF078200FE086E /* Release */ = {
			isa = XCBuildConfiguration;
			baseConfigurationReference = A3E8597F433C02DFBD724947 /* Pods-SwiftDemo.release.xcconfig */;
			buildSettings = {
				ASSETCATALOG_COMPILER_APPICON_NAME = AppIcon;
				CLANG_ENABLE_MODULES = YES;
				CODE_SIGN_IDENTITY = "Apple Development";
				CODE_SIGN_STYLE = Automatic;
				DEVELOPMENT_TEAM = N82WKSN6R7;
				INFOPLIST_FILE = SwiftDemo/Info.plist;
				IPHONEOS_DEPLOYMENT_TARGET = 9.0;
				LD_RUNPATH_SEARCH_PATHS = (
					"$(inherited)",
					"@executable_path/Frameworks",
				);
				PRODUCT_BUNDLE_IDENTIFIER = com.dzcx.SwiftDemo;
				PRODUCT_NAME = "$(TARGET_NAME)";
				PROVISIONING_PROFILE_SPECIFIER = "";
				SWIFT_OBJC_BRIDGING_HEADER = "SwiftDemo/SwiftDemo-Bridging-Header.h";
				SWIFT_VERSION = 5.0;
				TARGETED_DEVICE_FAMILY = "1,2";
			};
			name = Release;
		};
/* End XCBuildConfiguration section */

/* Begin XCConfigurationList section */
		A3F5207122DF077E00FE086E /* Build configuration list for PBXProject "SwiftDemo" */ = {
			isa = XCConfigurationList;
			buildConfigurations = (
				A3F5208622DF078200FE086E /* Debug */,
				A3F5208722DF078200FE086E /* Release */,
			);
			defaultConfigurationIsVisible = 0;
			defaultConfigurationName = Release;
		};
		A3F5208822DF078200FE086E /* Build configuration list for PBXNativeTarget "SwiftDemo" */ = {
			isa = XCConfigurationList;
			buildConfigurations = (
				A3F5208922DF078200FE086E /* Debug */,
				A3F5208A22DF078200FE086E /* Release */,
			);
			defaultConfigurationIsVisible = 0;
			defaultConfigurationName = Release;
		};
/* End XCConfigurationList section */
	};
	rootObject = A3F5206E22DF077E00FE086E /* Project object */;
}
