// !$*UTF8*$!
{
	archiveVersion = 1;
	classes = {
	};
	objectVersion = 46;
	objects = {

/* Begin PBXBuildFile section */
		E519F8BA1CC09C37003689E9 /* main.m in Sources */ = {isa = PBXBuildFile; fileRef = E519F8B91CC09C37003689E9 /* main.m */; };
		E519F8BD1CC09C37003689E9 /* AppDelegate.m in Sources */ = {isa = PBXBuildFile; fileRef = E519F8BC1CC09C37003689E9 /* AppDelegate.m */; };
		E519F8C01CC09C37003689E9 /* ViewController.m in Sources */ = {isa = PBXBuildFile; fileRef = E519F8BF1CC09C37003689E9 /* ViewController.m */; };
		E519F8C31CC09C37003689E9 /* Main.storyboard in Resources */ = {isa = PBXBuildFile; fileRef = E519F8C11CC09C37003689E9 /* Main.storyboard */; };
		E519F8C51CC09C37003689E9 /* Images.xcassets in Resources */ = {isa = PBXBuildFile; fileRef = E519F8C41CC09C37003689E9 /* Images.xcassets */; };
		E519F8C81CC09C37003689E9 /* LaunchScreen.xib in Resources */ = {isa = PBXBuildFile; fileRef = E519F8C61CC09C37003689E9 /* LaunchScreen.xib */; };
		E519F8D41CC09C37003689E9 /* DHVectorDiagramTests.m in Sources */ = {isa = PBXBuildFile; fileRef = E519F8D31CC09C37003689E9 /* DHVectorDiagramTests.m */; };
		E519F8E21CC09C4B003689E9 /* DHVectorDiagram.m in Sources */ = {isa = PBXBuildFile; fileRef = E519F8DF1CC09C4B003689E9 /* DHVectorDiagram.m */; };
		E519F8E31CC09C4B003689E9 /* DHVectorDiagramView.m in Sources */ = {isa = PBXBuildFile; fileRef = E519F8E11CC09C4B003689E9 /* DHVectorDiagramView.m */; };
		E51BA09D1CC5D18100DCA50E /* DHVector2D.m in Sources */ = {isa = PBXBuildFile; fileRef = E51BA09C1CC5D18100DCA50E /* DHVector2D.m */; };
/* End PBXBuildFile section */

/* Begin PBXContainerItemProxy section */
		E519F8CE1CC09C37003689E9 /* PBXContainerItemProxy */ = {
			isa = PBXContainerItemProxy;
			containerPortal = E519F8AC1CC09C37003689E9 /* Project object */;
			proxyType = 1;
			remoteGlobalIDString = E519F8B31CC09C37003689E9;
			remoteInfo = DHVectorDiagram;
		};
/* End PBXContainerItemProxy section */

/* Begin PBXFileReference section */
		E519F8B41CC09C37003689E9 /* DHVectorDiagram.app */ = {isa = PBXFileReference; explicitFileType = wrapper.application; includeInIndex = 0; path = DHVectorDiagram.app; sourceTree = BUILT_PRODUCTS_DIR; };
		E519F8B81CC09C37003689E9 /* Info.plist */ = {isa = PBXFileReference; lastKnownFileType = text.plist.xml; path = Info.plist; sourceTree = "<group>"; };
		E519F8B91CC09C37003689E9 /* main.m */ = {isa = PBXFileReference; lastKnownFileType = sourcecode.c.objc; path = main.m; sourceTree = "<group>"; };
		E519F8BB1CC09C37003689E9 /* AppDelegate.h */ = {isa = PBXFileReference; lastKnownFileType = sourcecode.c.h; path = AppDelegate.h; sourceTree = "<group>"; };
		E519F8BC1CC09C37003689E9 /* AppDelegate.m */ = {isa = PBXFileReference; lastKnownFileType = sourcecode.c.objc; path = AppDelegate.m; sourceTree = "<group>"; };
		E519F8BE1CC09C37003689E9 /* ViewController.h */ = {isa = PBXFileReference; lastKnownFileType = sourcecode.c.h; path = ViewController.h; sourceTree = "<group>"; };
		E519F8BF1CC09C37003689E9 /* ViewController.m */ = {isa = PBXFileReference; lastKnownFileType = sourcecode.c.objc; path = ViewController.m; sourceTree = "<group>"; };
		E519F8C21CC09C37003689E9 /* Base */ = {isa = PBXFileReference; lastKnownFileType = file.storyboard; name = Base; path = Base.lproj/Main.storyboard; sourceTree = "<group>"; };
		E519F8C41CC09C37003689E9 /* Images.xcassets */ = {isa = PBXFileReference; lastKnownFileType = folder.assetcatalog; path = Images.xcassets; sourceTree = "<group>"; };
		E519F8C71CC09C37003689E9 /* Base */ = {isa = PBXFileReference; lastKnownFileType = file.xib; name = Base; path = Base.lproj/LaunchScreen.xib; sourceTree = "<group>"; };
		E519F8CD1CC09C37003689E9 /* DHVectorDiagramTests.xctest */ = {isa = PBXFileReference; explicitFileType = wrapper.cfbundle; includeInIndex = 0; path = DHVectorDiagramTests.xctest; sourceTree = BUILT_PRODUCTS_DIR; };
		E519F8D21CC09C37003689E9 /* Info.plist */ = {isa = PBXFileReference; lastKnownFileType = text.plist.xml; path = Info.plist; sourceTree = "<group>"; };
		E519F8D31CC09C37003689E9 /* DHVectorDiagramTests.m */ = {isa = PBXFileReference; lastKnownFileType = sourcecode.c.objc; path = DHVectorDiagramTests.m; sourceTree = "<group>"; };
		E519F8DD1CC09C4B003689E9 /* DHMatrix.h */ = {isa = PBXFileReference; fileEncoding = 4; lastKnownFileType = sourcecode.c.h; path = DHMatrix.h; sourceTree = "<group>"; };
		E519F8DE1CC09C4B003689E9 /* DHVectorDiagram.h */ = {isa = PBXFileReference; fileEncoding = 4; lastKnownFileType = sourcecode.c.h; path = DHVectorDiagram.h; sourceTree = "<group>"; };
		E519F8DF1CC09C4B003689E9 /* DHVectorDiagram.m */ = {isa = PBXFileReference; fileEncoding = 4; lastKnownFileType = sourcecode.c.objc; path = DHVectorDiagram.m; sourceTree = "<group>"; };
		E519F8E01CC09C4B003689E9 /* DHVectorDiagramView.h */ = {isa = PBXFileReference; fileEncoding = 4; lastKnownFileType = sourcecode.c.h; path = DHVectorDiagramView.h; sourceTree = "<group>"; };
		E519F8E11CC09C4B003689E9 /* DHVectorDiagramView.m */ = {isa = PBXFileReference; fileEncoding = 4; lastKnownFileType = sourcecode.c.objc; path = DHVectorDiagramView.m; sourceTree = "<group>"; };
		E51BA09B1CC5D18100DCA50E /* DHVector2D.h */ = {isa = PBXFileReference; fileEncoding = 4; lastKnownFileType = sourcecode.c.h; path = DHVector2D.h; sourceTree = "<group>"; };
		E51BA09C1CC5D18100DCA50E /* DHVector2D.m */ = {isa = PBXFileReference; fileEncoding = 4; lastKnownFileType = sourcecode.c.objc; path = DHVector2D.m; sourceTree = "<group>"; };
/* End PBXFileReference section */

/* Begin PBXFrameworksBuildPhase section */
		E519F8B11CC09C37003689E9 /* Frameworks */ = {
			isa = PBXFrameworksBuildPhase;
			buildActionMask = 2147483647;
			files = (
			);
			runOnlyForDeploymentPostprocessing = 0;
		};
		E519F8CA1CC09C37003689E9 /* Frameworks */ = {
			isa = PBXFrameworksBuildPhase;
			buildActionMask = 2147483647;
			files = (
			);
			runOnlyForDeploymentPostprocessing = 0;
		};
/* End PBXFrameworksBuildPhase section */

/* Begin PBXGroup section */
		E519F8AB1CC09C37003689E9 = {
			isa = PBXGroup;
			children = (
				E519F8B61CC09C37003689E9 /* DHVectorDiagram */,
				E519F8D01CC09C37003689E9 /* DHVectorDiagramTests */,
				E519F8B51CC09C37003689E9 /* Products */,
			);
			sourceTree = "<group>";
		};
		E519F8B51CC09C37003689E9 /* Products */ = {
			isa = PBXGroup;
			children = (
				E519F8B41CC09C37003689E9 /* DHVectorDiagram.app */,
				E519F8CD1CC09C37003689E9 /* DHVectorDiagramTests.xctest */,
			);
			name = Products;
			sourceTree = "<group>";
		};
		E519F8B61CC09C37003689E9 /* DHVectorDiagram */ = {
			isa = PBXGroup;
			children = (
				E519F8BB1CC09C37003689E9 /* AppDelegate.h */,
				E519F8BC1CC09C37003689E9 /* AppDelegate.m */,
				E519F8BE1CC09C37003689E9 /* ViewController.h */,
				E519F8BF1CC09C37003689E9 /* ViewController.m */,
				E51BA09B1CC5D18100DCA50E /* DHVector2D.h */,
				E51BA09C1CC5D18100DCA50E /* DHVector2D.m */,
				E519F8DD1CC09C4B003689E9 /* DHMatrix.h */,
				E519F8DE1CC09C4B003689E9 /* DHVectorDiagram.h */,
				E519F8DF1CC09C4B003689E9 /* DHVectorDiagram.m */,
				E519F8E01CC09C4B003689E9 /* DHVectorDiagramView.h */,
				E519F8E11CC09C4B003689E9 /* DHVectorDiagramView.m */,
				E519F8C11CC09C37003689E9 /* Main.storyboard */,
				E519F8C41CC09C37003689E9 /* Images.xcassets */,
				E519F8C61CC09C37003689E9 /* LaunchScreen.xib */,
				E519F8B71CC09C37003689E9 /* Supporting Files */,
			);
			path = DHVectorDiagram;
			sourceTree = "<group>";
		};
		E519F8B71CC09C37003689E9 /* Supporting Files */ = {
			isa = PBXGroup;
			children = (
				E519F8B81CC09C37003689E9 /* Info.plist */,
				E519F8B91CC09C37003689E9 /* main.m */,
			);
			name = "Supporting Files";
			sourceTree = "<group>";
		};
		E519F8D01CC09C37003689E9 /* DHVectorDiagramTests */ = {
			isa = PBXGroup;
			children = (
				E519F8D31CC09C37003689E9 /* DHVectorDiagramTests.m */,
				E519F8D11CC09C37003689E9 /* Supporting Files */,
			);
			path = DHVectorDiagramTests;
			sourceTree = "<group>";
		};
		E519F8D11CC09C37003689E9 /* Supporting Files */ = {
			isa = PBXGroup;
			children = (
				E519F8D21CC09C37003689E9 /* Info.plist */,
			);
			name = "Supporting Files";
			sourceTree = "<group>";
		};
/* End PBXGroup section */

/* Begin PBXNativeTarget section */
		E519F8B31CC09C37003689E9 /* DHVectorDiagram */ = {
			isa = PBXNativeTarget;
			buildConfigurationList = E519F8D71CC09C37003689E9 /* Build configuration list for PBXNativeTarget "DHVectorDiagram" */;
			buildPhases = (
				E519F8B01CC09C37003689E9 /* Sources */,
				E519F8B11CC09C37003689E9 /* Frameworks */,
				E519F8B21CC09C37003689E9 /* Resources */,
			);
			buildRules = (
			);
			dependencies = (
			);
			name = DHVectorDiagram;
			productName = DHVectorDiagram;
			productReference = E519F8B41CC09C37003689E9 /* DHVectorDiagram.app */;
			productType = "com.apple.product-type.application";
		};
		E519F8CC1CC09C37003689E9 /* DHVectorDiagramTests */ = {
			isa = PBXNativeTarget;
			buildConfigurationList = E519F8DA1CC09C37003689E9 /* Build configuration list for PBXNativeTarget "DHVectorDiagramTests" */;
			buildPhases = (
				E519F8C91CC09C37003689E9 /* Sources */,
				E519F8CA1CC09C37003689E9 /* Frameworks */,
				E519F8CB1CC09C37003689E9 /* Resources */,
			);
			buildRules = (
			);
			dependencies = (
				E519F8CF1CC09C37003689E9 /* PBXTargetDependency */,
			);
			name = DHVectorDiagramTests;
			productName = DHVectorDiagramTests;
			productReference = E519F8CD1CC09C37003689E9 /* DHVectorDiagramTests.xctest */;
			productType = "com.apple.product-type.bundle.unit-test";
		};
/* End PBXNativeTarget section */

/* Begin PBXProject section */
		E519F8AC1CC09C37003689E9 /* Project object */ = {
			isa = PBXProject;
			attributes = {
				LastUpgradeCheck = 0620;
				ORGANIZATIONNAME = DreamHack;
				TargetAttributes = {
					E519F8B31CC09C37003689E9 = {
						CreatedOnToolsVersion = 6.2;
					};
					E519F8CC1CC09C37003689E9 = {
						CreatedOnToolsVersion = 6.2;
						TestTargetID = E519F8B31CC09C37003689E9;
					};
				};
			};
			buildConfigurationList = E519F8AF1CC09C37003689E9 /* Build configuration list for PBXProject "DHVectorDiagram" */;
			compatibilityVersion = "Xcode 3.2";
			developmentRegion = English;
			hasScannedForEncodings = 0;
			knownRegions = (
				en,
				Base,
			);
			mainGroup = E519F8AB1CC09C37003689E9;
			productRefGroup = E519F8B51CC09C37003689E9 /* Products */;
			projectDirPath = "";
			projectRoot = "";
			targets = (
				E519F8B31CC09C37003689E9 /* DHVectorDiagram */,
				E519F8CC1CC09C37003689E9 /* DHVectorDiagramTests */,
			);
		};
/* End PBXProject section */

/* Begin PBXResourcesBuildPhase section */
		E519F8B21CC09C37003689E9 /* Resources */ = {
			isa = PBXResourcesBuildPhase;
			buildActionMask = 2147483647;
			files = (
				E519F8C31CC09C37003689E9 /* Main.storyboard in Resources */,
				E519F8C81CC09C37003689E9 /* LaunchScreen.xib in Resources */,
				E519F8C51CC09C37003689E9 /* Images.xcassets in Resources */,
			);
			runOnlyForDeploymentPostprocessing = 0;
		};
		E519F8CB1CC09C37003689E9 /* Resources */ = {
			isa = PBXResourcesBuildPhase;
			buildActionMask = 2147483647;
			files = (
			);
			runOnlyForDeploymentPostprocessing = 0;
		};
/* End PBXResourcesBuildPhase section */

/* Begin PBXSourcesBuildPhase section */
		E519F8B01CC09C37003689E9 /* Sources */ = {
			isa = PBXSourcesBuildPhase;
			buildActionMask = 2147483647;
			files = (
				E51BA09D1CC5D18100DCA50E /* DHVector2D.m in Sources */,
				E519F8E21CC09C4B003689E9 /* DHVectorDiagram.m in Sources */,
				E519F8E31CC09C4B003689E9 /* DHVectorDiagramView.m in Sources */,
				E519F8C01CC09C37003689E9 /* ViewController.m in Sources */,
				E519F8BD1CC09C37003689E9 /* AppDelegate.m in Sources */,
				E519F8BA1CC09C37003689E9 /* main.m in Sources */,
			);
			runOnlyForDeploymentPostprocessing = 0;
		};
		E519F8C91CC09C37003689E9 /* Sources */ = {
			isa = PBXSourcesBuildPhase;
			buildActionMask = 2147483647;
			files = (
				E519F8D41CC09C37003689E9 /* DHVectorDiagramTests.m in Sources */,
			);
			runOnlyForDeploymentPostprocessing = 0;
		};
/* End PBXSourcesBuildPhase section */

/* Begin PBXTargetDependency section */
		E519F8CF1CC09C37003689E9 /* PBXTargetDependency */ = {
			isa = PBXTargetDependency;
			target = E519F8B31CC09C37003689E9 /* DHVectorDiagram */;
			targetProxy = E519F8CE1CC09C37003689E9 /* PBXContainerItemProxy */;
		};
/* End PBXTargetDependency section */

/* Begin PBXVariantGroup section */
		E519F8C11CC09C37003689E9 /* Main.storyboard */ = {
			isa = PBXVariantGroup;
			children = (
				E519F8C21CC09C37003689E9 /* Base */,
			);
			name = Main.storyboard;
			sourceTree = "<group>";
		};
		E519F8C61CC09C37003689E9 /* LaunchScreen.xib */ = {
			isa = PBXVariantGroup;
			children = (
				E519F8C71CC09C37003689E9 /* Base */,
			);
			name = LaunchScreen.xib;
			sourceTree = "<group>";
		};
/* End PBXVariantGroup section */

/* Begin XCBuildConfiguration section */
		E519F8D51CC09C37003689E9 /* Debug */ = {
			isa = XCBuildConfiguration;
			buildSettings = {
				ALWAYS_SEARCH_USER_PATHS = NO;
				CLANG_CXX_LANGUAGE_STANDARD = "gnu++0x";
				CLANG_CXX_LIBRARY = "libc++";
				CLANG_ENABLE_MODULES = YES;
				CLANG_ENABLE_OBJC_ARC = YES;
				CLANG_WARN_BOOL_CONVERSION = YES;
				CLANG_WARN_CONSTANT_CONVERSION = YES;
				CLANG_WARN_DIRECT_OBJC_ISA_USAGE = YES_ERROR;
				CLANG_WARN_EMPTY_BODY = YES;
				CLANG_WARN_ENUM_CONVERSION = YES;
				CLANG_WARN_INT_CONVERSION = YES;
				CLANG_WARN_OBJC_ROOT_CLASS = YES_ERROR;
				CLANG_WARN_UNREACHABLE_CODE = YES;
				CLANG_WARN__DUPLICATE_METHOD_MATCH = YES;
				"CODE_SIGN_IDENTITY[sdk=iphoneos*]" = "iPhone Developer";
				COPY_PHASE_STRIP = NO;
				ENABLE_STRICT_OBJC_MSGSEND = YES;
				GCC_C_LANGUAGE_STANDARD = gnu99;
				GCC_DYNAMIC_NO_PIC = NO;
				GCC_OPTIMIZATION_LEVEL = 0;
				GCC_PREPROCESSOR_DEFINITIONS = (
					"DEBUG=1",
					"$(inherited)",
				);
				GCC_SYMBOLS_PRIVATE_EXTERN = NO;
				GCC_WARN_64_TO_32_BIT_CONVERSION = YES;
				GCC_WARN_ABOUT_RETURN_TYPE = YES_ERROR;
				GCC_WARN_UNDECLARED_SELECTOR = YES;
				GCC_WARN_UNINITIALIZED_AUTOS = YES_AGGRESSIVE;
				GCC_WARN_UNUSED_FUNCTION = YES;
				GCC_WARN_UNUSED_VARIABLE = YES;
				IPHONEOS_DEPLOYMENT_TARGET = 8.2;
				MTL_ENABLE_DEBUG_INFO = YES;
				ONLY_ACTIVE_ARCH = YES;
				SDKROOT = iphoneos;
			};
			name = Debug;
		};
		E519F8D61CC09C37003689E9 /* Release */ = {
			isa = XCBuildConfiguration;
			buildSettings = {
				ALWAYS_SEARCH_USER_PATHS = NO;
				CLANG_CXX_LANGUAGE_STANDARD = "gnu++0x";
				CLANG_CXX_LIBRARY = "libc++";
				CLANG_ENABLE_MODULES = YES;
				CLANG_ENABLE_OBJC_ARC = YES;
				CLANG_WARN_BOOL_CONVERSION = YES;
				CLANG_WARN_CONSTANT_CONVERSION = YES;
				CLANG_WARN_DIRECT_OBJC_ISA_USAGE = YES_ERROR;
				CLANG_WARN_EMPTY_BODY = YES;
				CLANG_WARN_ENUM_CONVERSION = YES;
				CLANG_WARN_INT_CONVERSION = YES;
				CLANG_WARN_OBJC_ROOT_CLASS = YES_ERROR;
				CLANG_WARN_UNREACHABLE_CODE = YES;
				CLANG_WARN__DUPLICATE_METHOD_MATCH = YES;
				"CODE_SIGN_IDENTITY[sdk=iphoneos*]" = "iPhone Developer";
				COPY_PHASE_STRIP = NO;
				ENABLE_NS_ASSERTIONS = NO;
				ENABLE_STRICT_OBJC_MSGSEND = YES;
				GCC_C_LANGUAGE_STANDARD = gnu99;
				GCC_WARN_64_TO_32_BIT_CONVERSION = YES;
				GCC_WARN_ABOUT_RETURN_TYPE = YES_ERROR;
				GCC_WARN_UNDECLARED_SELECTOR = YES;
				GCC_WARN_UNINITIALIZED_AUTOS = YES_AGGRESSIVE;
				GCC_WARN_UNUSED_FUNCTION = YES;
				GCC_WARN_UNUSED_VARIABLE = YES;
				IPHONEOS_DEPLOYMENT_TARGET = 8.2;
				MTL_ENABLE_DEBUG_INFO = NO;
				SDKROOT = iphoneos;
				VALIDATE_PRODUCT = YES;
			};
			name = Release;
		};
		E519F8D81CC09C37003689E9 /* Debug */ = {
			isa = XCBuildConfiguration;
			buildSettings = {
				ASSETCATALOG_COMPILER_APPICON_NAME = AppIcon;
				INFOPLIST_FILE = DHVectorDiagram/Info.plist;
				LD_RUNPATH_SEARCH_PATHS = "$(inherited) @executable_path/Frameworks";
				PRODUCT_NAME = "$(TARGET_NAME)";
			};
			name = Debug;
		};
		E519F8D91CC09C37003689E9 /* Release */ = {
			isa = XCBuildConfiguration;
			buildSettings = {
				ASSETCATALOG_COMPILER_APPICON_NAME = AppIcon;
				INFOPLIST_FILE = DHVectorDiagram/Info.plist;
				LD_RUNPATH_SEARCH_PATHS = "$(inherited) @executable_path/Frameworks";
				PRODUCT_NAME = "$(TARGET_NAME)";
			};
			name = Release;
		};
		E519F8DB1CC09C37003689E9 /* Debug */ = {
			isa = XCBuildConfiguration;
			buildSettings = {
				BUNDLE_LOADER = "$(TEST_HOST)";
				FRAMEWORK_SEARCH_PATHS = (
					"$(SDKROOT)/Developer/Library/Frameworks",
					"$(inherited)",
				);
				GCC_PREPROCESSOR_DEFINITIONS = (
					"DEBUG=1",
					"$(inherited)",
				);
				INFOPLIST_FILE = DHVectorDiagramTests/Info.plist;
				LD_RUNPATH_SEARCH_PATHS = "$(inherited) @executable_path/Frameworks @loader_path/Frameworks";
				PRODUCT_NAME = "$(TARGET_NAME)";
				TEST_HOST = "$(BUILT_PRODUCTS_DIR)/DHVectorDiagram.app/DHVectorDiagram";
			};
			name = Debug;
		};
		E519F8DC1CC09C37003689E9 /* Release */ = {
			isa = XCBuildConfiguration;
			buildSettings = {
				BUNDLE_LOADER = "$(TEST_HOST)";
				FRAMEWORK_SEARCH_PATHS = (
					"$(SDKROOT)/Developer/Library/Frameworks",
					"$(inherited)",
				);
				INFOPLIST_FILE = DHVectorDiagramTests/Info.plist;
				LD_RUNPATH_SEARCH_PATHS = "$(inherited) @executable_path/Frameworks @loader_path/Frameworks";
				PRODUCT_NAME = "$(TARGET_NAME)";
				TEST_HOST = "$(BUILT_PRODUCTS_DIR)/DHVectorDiagram.app/DHVectorDiagram";
			};
			name = Release;
		};
/* End XCBuildConfiguration section */

/* Begin XCConfigurationList section */
		E519F8AF1CC09C37003689E9 /* Build configuration list for PBXProject "DHVectorDiagram" */ = {
			isa = XCConfigurationList;
			buildConfigurations = (
				E519F8D51CC09C37003689E9 /* Debug */,
				E519F8D61CC09C37003689E9 /* Release */,
			);
			defaultConfigurationIsVisible = 0;
			defaultConfigurationName = Release;
		};
		E519F8D71CC09C37003689E9 /* Build configuration list for PBXNativeTarget "DHVectorDiagram" */ = {
			isa = XCConfigurationList;
			buildConfigurations = (
				E519F8D81CC09C37003689E9 /* Debug */,
				E519F8D91CC09C37003689E9 /* Release */,
			);
			defaultConfigurationIsVisible = 0;
			defaultConfigurationName = Release;
		};
		E519F8DA1CC09C37003689E9 /* Build configuration list for PBXNativeTarget "DHVectorDiagramTests" */ = {
			isa = XCConfigurationList;
			buildConfigurations = (
				E519F8DB1CC09C37003689E9 /* Debug */,
				E519F8DC1CC09C37003689E9 /* Release */,
			);
			defaultConfigurationIsVisible = 0;
			defaultConfigurationName = Release;
		};
/* End XCConfigurationList section */
	};
	rootObject = E519F8AC1CC09C37003689E9 /* Project object */;
}
